PODS:
  - MBProgressHUD (1.0.0)
  - PINCache (2.3)

DEPENDENCIES:
  - MBProgressHUD
  - PINCache

SPEC REPOS:
  trunk:
    - MBProgressHUD
    - PINCache

SPEC CHECKSUMS:
  MBProgressHUD: 4890f671c94e8a0f3cf959aa731e9de2f036d71a
  PINCache: ce36ed282031b92fc7733ffe831f474ff80fddc2

PODFILE CHECKSUM: af74321b9fd42af7339731ceee8b3333d4e61133

COCOAPODS: 1.9.3
