PODS:
  - FMDB (2.6.2):
    - FMDB/standard (= 2.6.2)
  - FMDB/standard (2.6.2)
  - LKDBHelper (2.4.1):
    - FMDB
  - LKDBHelper+Transaction (1.0.4):
    - LKDBHelper
    - LKDBHelper+Transaction/DYPersistence (= 1.0.4)
    - LKDBHelper+Transaction/Transaction (= 1.0.4)
  - LKDBHelper+Transaction/DYPersistence (1.0.4):
    - LKDBHelper
    - LKDBHelper+Transaction/Transaction
  - LKDBHelper+Transaction/Transaction (1.0.4):
    - LKDBHelper
  - SDWebImage (4.0.0):
    - SDWebImage/Core (= 4.0.0)
  - SDWebImage/Core (4.0.0)
  - TMCache (2.1.0)

DEPENDENCIES:
  - LKDBHelper+Transaction (~> 1.0.4)
  - SDWebImage (~> 4.0.0)
  - TMCache (~> 2.1.0)

SPEC CHECKSUMS:
  FMDB: 854a0341b4726e53276f2a8996f06f1b80f9259a
  LKDBHelper: 531581fa6a7d0f14236cc028ce0d277bca73436a
  LKDBHelper+Transaction: c15c7b038d6503505f9849ad6ff61377a767a795
  SDWebImage: 76a6348bdc74eb5a55dd08a091ef298e56b55e41
  TMCache: 95ebcc9b3c7e90fb5fd8fc3036cba3aa781c9bed

PODFILE CHECKSUM: cd527344b224fd470ccf4b541219a30083b24dba

COCOAPODS: 1.2.0
