// !$*UTF8*$!
{
	archiveVersion = 1;
	classes = {
	};
	objectVersion = 46;
	objects = {

/* Begin PBXBuildFile section */
		083DA5EE1E99E37A0047A6DF /* Understand.m in Sources */ = {isa = PBXBuildFile; fileRef = 083DA5ED1E99E37A0047A6DF /* Understand.m */; };
		084750AE1EA0601400316BEF /* StudyViewController.m in Sources */ = {isa = PBXBuildFile; fileRef = 084750AC1EA0601400316BEF /* StudyViewController.m */; };
		084750AF1EA0601400316BEF /* StudyViewController.xib in Resources */ = {isa = PBXBuildFile; fileRef = 084750AD1EA0601400316BEF /* StudyViewController.xib */; };
		088331C61E9BD3D00026DE23 /* FeelImgModel.m in Sources */ = {isa = PBXBuildFile; fileRef = 088331C51E9BD3D00026DE23 /* FeelImgModel.m */; };
		088331C91E9BD59F0026DE23 /* FeelAudioModel.m in Sources */ = {isa = PBXBuildFile; fileRef = 088331C81E9BD59F0026DE23 /* FeelAudioModel.m */; };
		088331CC1E9BD68C0026DE23 /* FeelTextModel.m in Sources */ = {isa = PBXBuildFile; fileRef = 088331CB1E9BD68C0026DE23 /* FeelTextModel.m */; };
		08AF454A1E97D0B500377887 /* main.m in Sources */ = {isa = PBXBuildFile; fileRef = 08AF45491E97D0B500377887 /* main.m */; };
		08AF454D1E97D0B500377887 /* AppDelegate.m in Sources */ = {isa = PBXBuildFile; fileRef = 08AF454C1E97D0B500377887 /* AppDelegate.m */; };
		08AF45551E97D0B500377887 /* Assets.xcassets in Resources */ = {isa = PBXBuildFile; fileRef = 08AF45541E97D0B500377887 /* Assets.xcassets */; };
		08AF45581E97D0B500377887 /* LaunchScreen.storyboard in Resources */ = {isa = PBXBuildFile; fileRef = 08AF45561E97D0B500377887 /* LaunchScreen.storyboard */; };
		08AF45631E97D6F200377887 /* GC.m in Sources */ = {isa = PBXBuildFile; fileRef = 08AF45621E97D6F200377887 /* GC.m */; };
		08AF456B1E97D80C00377887 /* MemStore.m in Sources */ = {isa = PBXBuildFile; fileRef = 08AF456A1E97D80C00377887 /* MemStore.m */; };
		08AF456E1E97DDF600377887 /* MKStore.m in Sources */ = {isa = PBXBuildFile; fileRef = 08AF456D1E97DDF600377887 /* MKStore.m */; };
		08C84A8E1E9A866200897D8B /* Input.m in Sources */ = {isa = PBXBuildFile; fileRef = 08C84A8D1E9A866200897D8B /* Input.m */; };
		08C84A931E9A86B900897D8B /* Language.m in Sources */ = {isa = PBXBuildFile; fileRef = 08C84A911E9A86B900897D8B /* Language.m */; };
		08C84A981E9A86C400897D8B /* StoreLogModel_Text.m in Sources */ = {isa = PBXBuildFile; fileRef = 08C84A951E9A86C400897D8B /* StoreLogModel_Text.m */; };
		08C84A991E9A86C400897D8B /* StoreModel_Text.m in Sources */ = {isa = PBXBuildFile; fileRef = 08C84A971E9A86C400897D8B /* StoreModel_Text.m */; };
		08C84A9C1E9A874C00897D8B /* InputModel.m in Sources */ = {isa = PBXBuildFile; fileRef = 08C84A9B1E9A874C00897D8B /* InputModel.m */; };
		08CF5B061EA4C610001098C7 /* DoModel.m in Sources */ = {isa = PBXBuildFile; fileRef = 08CF5B051EA4C610001098C7 /* DoModel.m */; };
		08F3AFAC1E98898000747EDD /* Mind.m in Sources */ = {isa = PBXBuildFile; fileRef = 08F3AFAB1E98898000747EDD /* Mind.m */; };
		08F3AFB21E98929C00747EDD /* MindUtils.m in Sources */ = {isa = PBXBuildFile; fileRef = 08F3AFB11E98929C00747EDD /* MindUtils.m */; };
		08F3AFB81E98963600747EDD /* SMG.m in Sources */ = {isa = PBXBuildFile; fileRef = 08F3AFB71E98963600747EDD /* SMG.m */; };
		08F3AFBB1E98966E00747EDD /* Store.m in Sources */ = {isa = PBXBuildFile; fileRef = 08F3AFBA1E98966E00747EDD /* Store.m */; };
		08F639831E9A2EC0003CD163 /* FeelValueModel.m in Sources */ = {isa = PBXBuildFile; fileRef = 08F639821E9A2EC0003CD163 /* FeelValueModel.m */; };
		08F639861E9A2F6C003CD163 /* FeelModel.m in Sources */ = {isa = PBXBuildFile; fileRef = 08F639851E9A2F6C003CD163 /* FeelModel.m */; };
		08F639891E9A2FF4003CD163 /* Feel.m in Sources */ = {isa = PBXBuildFile; fileRef = 08F639881E9A2FF4003CD163 /* Feel.m */; };
		2753D7CF7BAEDFEACAF9264A /* libPods-SMG_NothingIsAll.a in Frameworks */ = {isa = PBXBuildFile; fileRef = DFBD58BA1D49147BC1DBA697 /* libPods-SMG_NothingIsAll.a */; };
/* End PBXBuildFile section */

/* Begin PBXFileReference section */
		083DA5EB1E99E36A0047A6DF /* UnderstandHeader.h */ = {isa = PBXFileReference; lastKnownFileType = sourcecode.c.h; path = UnderstandHeader.h; sourceTree = "<group>"; };
		083DA5EC1E99E37A0047A6DF /* Understand.h */ = {isa = PBXFileReference; fileEncoding = 4; lastKnownFileType = sourcecode.c.h; path = Understand.h; sourceTree = "<group>"; };
		083DA5ED1E99E37A0047A6DF /* Understand.m */ = {isa = PBXFileReference; fileEncoding = 4; lastKnownFileType = sourcecode.c.objc; path = Understand.m; sourceTree = "<group>"; };
		084750AB1EA0601400316BEF /* StudyViewController.h */ = {isa = PBXFileReference; fileEncoding = 4; lastKnownFileType = sourcecode.c.h; path = StudyViewController.h; sourceTree = "<group>"; };
		084750AC1EA0601400316BEF /* StudyViewController.m */ = {isa = PBXFileReference; fileEncoding = 4; lastKnownFileType = sourcecode.c.objc; path = StudyViewController.m; sourceTree = "<group>"; };
		084750AD1EA0601400316BEF /* StudyViewController.xib */ = {isa = PBXFileReference; fileEncoding = 4; lastKnownFileType = file.xib; path = StudyViewController.xib; sourceTree = "<group>"; };
		088331C41E9BD3D00026DE23 /* FeelImgModel.h */ = {isa = PBXFileReference; fileEncoding = 4; lastKnownFileType = sourcecode.c.h; path = FeelImgModel.h; sourceTree = "<group>"; };
		088331C51E9BD3D00026DE23 /* FeelImgModel.m */ = {isa = PBXFileReference; fileEncoding = 4; lastKnownFileType = sourcecode.c.objc; path = FeelImgModel.m; sourceTree = "<group>"; };
		088331C71E9BD59F0026DE23 /* FeelAudioModel.h */ = {isa = PBXFileReference; fileEncoding = 4; lastKnownFileType = sourcecode.c.h; path = FeelAudioModel.h; sourceTree = "<group>"; };
		088331C81E9BD59F0026DE23 /* FeelAudioModel.m */ = {isa = PBXFileReference; fileEncoding = 4; lastKnownFileType = sourcecode.c.objc; path = FeelAudioModel.m; sourceTree = "<group>"; };
		088331CA1E9BD68C0026DE23 /* FeelTextModel.h */ = {isa = PBXFileReference; fileEncoding = 4; lastKnownFileType = sourcecode.c.h; path = FeelTextModel.h; sourceTree = "<group>"; };
		088331CB1E9BD68C0026DE23 /* FeelTextModel.m */ = {isa = PBXFileReference; fileEncoding = 4; lastKnownFileType = sourcecode.c.objc; path = FeelTextModel.m; sourceTree = "<group>"; };
		08AF45451E97D0B500377887 /* SMG_NothingIsAll.app */ = {isa = PBXFileReference; explicitFileType = wrapper.application; includeInIndex = 0; path = SMG_NothingIsAll.app; sourceTree = BUILT_PRODUCTS_DIR; };
		08AF45491E97D0B500377887 /* main.m */ = {isa = PBXFileReference; lastKnownFileType = sourcecode.c.objc; path = main.m; sourceTree = "<group>"; };
		08AF454B1E97D0B500377887 /* AppDelegate.h */ = {isa = PBXFileReference; lastKnownFileType = sourcecode.c.h; path = AppDelegate.h; sourceTree = "<group>"; };
		08AF454C1E97D0B500377887 /* AppDelegate.m */ = {isa = PBXFileReference; lastKnownFileType = sourcecode.c.objc; path = AppDelegate.m; sourceTree = "<group>"; };
		08AF45541E97D0B500377887 /* Assets.xcassets */ = {isa = PBXFileReference; lastKnownFileType = folder.assetcatalog; path = Assets.xcassets; sourceTree = "<group>"; };
		08AF45571E97D0B500377887 /* Base */ = {isa = PBXFileReference; lastKnownFileType = file.storyboard; name = Base; path = Base.lproj/LaunchScreen.storyboard; sourceTree = "<group>"; };
		08AF45591E97D0B500377887 /* Info.plist */ = {isa = PBXFileReference; lastKnownFileType = text.plist.xml; path = Info.plist; sourceTree = "<group>"; };
		08AF45611E97D6F200377887 /* GC.h */ = {isa = PBXFileReference; fileEncoding = 4; lastKnownFileType = sourcecode.c.h; path = GC.h; sourceTree = "<group>"; };
		08AF45621E97D6F200377887 /* GC.m */ = {isa = PBXFileReference; fileEncoding = 4; lastKnownFileType = sourcecode.c.objc; path = GC.m; sourceTree = "<group>"; };
		08AF45691E97D80C00377887 /* MemStore.h */ = {isa = PBXFileReference; fileEncoding = 4; lastKnownFileType = sourcecode.c.h; path = MemStore.h; sourceTree = "<group>"; };
		08AF456A1E97D80C00377887 /* MemStore.m */ = {isa = PBXFileReference; fileEncoding = 4; lastKnownFileType = sourcecode.c.objc; path = MemStore.m; sourceTree = "<group>"; };
		08AF456C1E97DDF600377887 /* MKStore.h */ = {isa = PBXFileReference; fileEncoding = 4; lastKnownFileType = sourcecode.c.h; path = MKStore.h; sourceTree = "<group>"; };
		08AF456D1E97DDF600377887 /* MKStore.m */ = {isa = PBXFileReference; fileEncoding = 4; lastKnownFileType = sourcecode.c.objc; path = MKStore.m; sourceTree = "<group>"; };
		08C84A8B1E9A861900897D8B /* InputHeader.h */ = {isa = PBXFileReference; lastKnownFileType = sourcecode.c.h; path = InputHeader.h; sourceTree = "<group>"; };
		08C84A8C1E9A866200897D8B /* Input.h */ = {isa = PBXFileReference; fileEncoding = 4; lastKnownFileType = sourcecode.c.h; path = Input.h; sourceTree = "<group>"; };
		08C84A8D1E9A866200897D8B /* Input.m */ = {isa = PBXFileReference; fileEncoding = 4; lastKnownFileType = sourcecode.c.objc; path = Input.m; sourceTree = "<group>"; };
		08C84A901E9A86B900897D8B /* Language.h */ = {isa = PBXFileReference; fileEncoding = 4; lastKnownFileType = sourcecode.c.h; path = Language.h; sourceTree = "<group>"; };
		08C84A911E9A86B900897D8B /* Language.m */ = {isa = PBXFileReference; fileEncoding = 4; lastKnownFileType = sourcecode.c.objc; path = Language.m; sourceTree = "<group>"; };
		08C84A921E9A86B900897D8B /* LanguageHeader.h */ = {isa = PBXFileReference; fileEncoding = 4; lastKnownFileType = sourcecode.c.h; path = LanguageHeader.h; sourceTree = "<group>"; };
		08C84A941E9A86C400897D8B /* StoreLogModel_Text.h */ = {isa = PBXFileReference; fileEncoding = 4; lastKnownFileType = sourcecode.c.h; path = StoreLogModel_Text.h; sourceTree = "<group>"; };
		08C84A951E9A86C400897D8B /* StoreLogModel_Text.m */ = {isa = PBXFileReference; fileEncoding = 4; lastKnownFileType = sourcecode.c.objc; path = StoreLogModel_Text.m; sourceTree = "<group>"; };
		08C84A961E9A86C400897D8B /* StoreModel_Text.h */ = {isa = PBXFileReference; fileEncoding = 4; lastKnownFileType = sourcecode.c.h; path = StoreModel_Text.h; sourceTree = "<group>"; };
		08C84A971E9A86C400897D8B /* StoreModel_Text.m */ = {isa = PBXFileReference; fileEncoding = 4; lastKnownFileType = sourcecode.c.objc; path = StoreModel_Text.m; sourceTree = "<group>"; };
		08C84A9A1E9A874C00897D8B /* InputModel.h */ = {isa = PBXFileReference; fileEncoding = 4; lastKnownFileType = sourcecode.c.h; path = InputModel.h; sourceTree = "<group>"; };
		08C84A9B1E9A874C00897D8B /* InputModel.m */ = {isa = PBXFileReference; fileEncoding = 4; lastKnownFileType = sourcecode.c.objc; path = InputModel.m; sourceTree = "<group>"; };
		08CF5B041EA4C610001098C7 /* DoModel.h */ = {isa = PBXFileReference; fileEncoding = 4; lastKnownFileType = sourcecode.c.h; path = DoModel.h; sourceTree = "<group>"; };
		08CF5B051EA4C610001098C7 /* DoModel.m */ = {isa = PBXFileReference; fileEncoding = 4; lastKnownFileType = sourcecode.c.objc; path = DoModel.m; sourceTree = "<group>"; };
		08F3AFAA1E98898000747EDD /* Mind.h */ = {isa = PBXFileReference; fileEncoding = 4; lastKnownFileType = sourcecode.c.h; path = Mind.h; sourceTree = "<group>"; };
		08F3AFAB1E98898000747EDD /* Mind.m */ = {isa = PBXFileReference; fileEncoding = 4; lastKnownFileType = sourcecode.c.objc; path = Mind.m; sourceTree = "<group>"; };
		08F3AFAD1E988E2A00747EDD /* MindEnum.h */ = {isa = PBXFileReference; fileEncoding = 4; lastKnownFileType = sourcecode.c.h; path = MindEnum.h; sourceTree = "<group>"; };
		08F3AFB01E98929C00747EDD /* MindUtils.h */ = {isa = PBXFileReference; fileEncoding = 4; lastKnownFileType = sourcecode.c.h; path = MindUtils.h; sourceTree = "<group>"; };
		08F3AFB11E98929C00747EDD /* MindUtils.m */ = {isa = PBXFileReference; fileEncoding = 4; lastKnownFileType = sourcecode.c.objc; path = MindUtils.m; sourceTree = "<group>"; };
		08F3AFB61E98963600747EDD /* SMG.h */ = {isa = PBXFileReference; fileEncoding = 4; lastKnownFileType = sourcecode.c.h; path = SMG.h; sourceTree = "<group>"; };
		08F3AFB71E98963600747EDD /* SMG.m */ = {isa = PBXFileReference; fileEncoding = 4; lastKnownFileType = sourcecode.c.objc; path = SMG.m; sourceTree = "<group>"; };
		08F3AFB91E98966E00747EDD /* Store.h */ = {isa = PBXFileReference; fileEncoding = 4; lastKnownFileType = sourcecode.c.h; path = Store.h; sourceTree = "<group>"; };
		08F3AFBA1E98966E00747EDD /* Store.m */ = {isa = PBXFileReference; fileEncoding = 4; lastKnownFileType = sourcecode.c.objc; path = Store.m; sourceTree = "<group>"; };
		08F3AFBC1E989B8F00747EDD /* MindHeader.h */ = {isa = PBXFileReference; lastKnownFileType = sourcecode.c.h; path = MindHeader.h; sourceTree = "<group>"; };
		08F3AFCD1E98B12A00747EDD /* SMGHeader.h */ = {isa = PBXFileReference; fileEncoding = 4; lastKnownFileType = sourcecode.c.h; name = SMGHeader.h; path = Extension/SMGHeader.h; sourceTree = "<group>"; };
		08F3AFD01E98B13B00747EDD /* SMGEnum.h */ = {isa = PBXFileReference; lastKnownFileType = sourcecode.c.h; path = SMGEnum.h; sourceTree = "<group>"; };
		08F3AFD21E98B63200747EDD /* StoreHeader.h */ = {isa = PBXFileReference; lastKnownFileType = sourcecode.c.h; path = StoreHeader.h; sourceTree = "<group>"; };
		08F639811E9A2EC0003CD163 /* FeelValueModel.h */ = {isa = PBXFileReference; fileEncoding = 4; lastKnownFileType = sourcecode.c.h; path = FeelValueModel.h; sourceTree = "<group>"; };
		08F639821E9A2EC0003CD163 /* FeelValueModel.m */ = {isa = PBXFileReference; fileEncoding = 4; lastKnownFileType = sourcecode.c.objc; path = FeelValueModel.m; sourceTree = "<group>"; };
		08F639841E9A2F6C003CD163 /* FeelModel.h */ = {isa = PBXFileReference; fileEncoding = 4; lastKnownFileType = sourcecode.c.h; path = FeelModel.h; sourceTree = "<group>"; };
		08F639851E9A2F6C003CD163 /* FeelModel.m */ = {isa = PBXFileReference; fileEncoding = 4; lastKnownFileType = sourcecode.c.objc; path = FeelModel.m; sourceTree = "<group>"; };
		08F639871E9A2FF4003CD163 /* Feel.h */ = {isa = PBXFileReference; fileEncoding = 4; lastKnownFileType = sourcecode.c.h; path = Feel.h; sourceTree = "<group>"; };
		08F639881E9A2FF4003CD163 /* Feel.m */ = {isa = PBXFileReference; fileEncoding = 4; lastKnownFileType = sourcecode.c.objc; path = Feel.m; sourceTree = "<group>"; };
		08F6398A1E9A3316003CD163 /* FeelHeader.h */ = {isa = PBXFileReference; lastKnownFileType = sourcecode.c.h; path = FeelHeader.h; sourceTree = "<group>"; };
		08F6398B1E9A3326003CD163 /* FeelEnum.h */ = {isa = PBXFileReference; lastKnownFileType = sourcecode.c.h; path = FeelEnum.h; sourceTree = "<group>"; };
		DE79539824FEDBA53557ECCA /* Pods-SMG_NothingIsAll.release.xcconfig */ = {isa = PBXFileReference; includeInIndex = 1; lastKnownFileType = text.xcconfig; name = "Pods-SMG_NothingIsAll.release.xcconfig"; path = "Pods/Target Support Files/Pods-SMG_NothingIsAll/Pods-SMG_NothingIsAll.release.xcconfig"; sourceTree = "<group>"; };
		DFBD58BA1D49147BC1DBA697 /* libPods-SMG_NothingIsAll.a */ = {isa = PBXFileReference; explicitFileType = archive.ar; includeInIndex = 0; path = "libPods-SMG_NothingIsAll.a"; sourceTree = BUILT_PRODUCTS_DIR; };
		E74E5256A45FDF9C80A280FD /* Pods-SMG_NothingIsAll.debug.xcconfig */ = {isa = PBXFileReference; includeInIndex = 1; lastKnownFileType = text.xcconfig; name = "Pods-SMG_NothingIsAll.debug.xcconfig"; path = "Pods/Target Support Files/Pods-SMG_NothingIsAll/Pods-SMG_NothingIsAll.debug.xcconfig"; sourceTree = "<group>"; };
/* End PBXFileReference section */

/* Begin PBXFrameworksBuildPhase section */
		08AF45421E97D0B500377887 /* Frameworks */ = {
			isa = PBXFrameworksBuildPhase;
			buildActionMask = 2147483647;
			files = (
				2753D7CF7BAEDFEACAF9264A /* libPods-SMG_NothingIsAll.a in Frameworks */,
			);
			runOnlyForDeploymentPostprocessing = 0;
		};
/* End PBXFrameworksBuildPhase section */

/* Begin PBXGroup section */
		083DA5EA1E99E3530047A6DF /* Understand */ = {
			isa = PBXGroup;
			children = (
				083DA5EB1E99E36A0047A6DF /* UnderstandHeader.h */,
				083DA5EC1E99E37A0047A6DF /* Understand.h */,
				083DA5ED1E99E37A0047A6DF /* Understand.m */,
				08CF5B041EA4C610001098C7 /* DoModel.h */,
				08CF5B051EA4C610001098C7 /* DoModel.m */,
			);
			path = Understand;
			sourceTree = "<group>";
		};
		083DA5EF1E99F2B50047A6DF /* temp */ = {
			isa = PBXGroup;
			children = (
				08C84A941E9A86C400897D8B /* StoreLogModel_Text.h */,
				08C84A951E9A86C400897D8B /* StoreLogModel_Text.m */,
				08C84A961E9A86C400897D8B /* StoreModel_Text.h */,
				08C84A971E9A86C400897D8B /* StoreModel_Text.m */,
			);
			name = temp;
			sourceTree = "<group>";
		};
		084750AA1EA05FE100316BEF /* UI */ = {
			isa = PBXGroup;
			children = (
				084750AB1EA0601400316BEF /* StudyViewController.h */,
				084750AC1EA0601400316BEF /* StudyViewController.m */,
				084750AD1EA0601400316BEF /* StudyViewController.xib */,
			);
			name = UI;
			sourceTree = "<group>";
		};
		08AF453C1E97D0B500377887 = {
			isa = PBXGroup;
			children = (
				08AF45471E97D0B500377887 /* SMG_NothingIsAll */,
				08AF45461E97D0B500377887 /* Products */,
				C2C394C172413FE5FD49262C /* Pods */,
				207E0C8ABC4501E50CC5D363 /* Frameworks */,
			);
			sourceTree = "<group>";
		};
		08AF45461E97D0B500377887 /* Products */ = {
			isa = PBXGroup;
			children = (
				08AF45451E97D0B500377887 /* SMG_NothingIsAll.app */,
			);
			name = Products;
			sourceTree = "<group>";
		};
		08AF45471E97D0B500377887 /* SMG_NothingIsAll */ = {
			isa = PBXGroup;
			children = (
				08AF455F1E97D43C00377887 /* Class */,
				08AF454B1E97D0B500377887 /* AppDelegate.h */,
				08AF454C1E97D0B500377887 /* AppDelegate.m */,
				08AF45541E97D0B500377887 /* Assets.xcassets */,
				08AF45561E97D0B500377887 /* LaunchScreen.storyboard */,
				08AF45591E97D0B500377887 /* Info.plist */,
				08AF45481E97D0B500377887 /* Supporting Files */,
			);
			path = SMG_NothingIsAll;
			sourceTree = "<group>";
		};
		08AF45481E97D0B500377887 /* Supporting Files */ = {
			isa = PBXGroup;
			children = (
				08AF45491E97D0B500377887 /* main.m */,
			);
			name = "Supporting Files";
			sourceTree = "<group>";
		};
		08AF455F1E97D43C00377887 /* Class */ = {
			isa = PBXGroup;
			children = (
				084750AA1EA05FE100316BEF /* UI */,
				08C84A8F1E9A86B900897D8B /* Output */,
				08C84A8A1E9A85A600897D8B /* Input */,
				08F639801E9A2DCE003CD163 /* Feel */,
				083DA5EA1E99E3530047A6DF /* Understand */,
				08F3AFC11E98A13200747EDD /* Extension */,
				08F3AF991E98883C00747EDD /* Mind */,
				08AF45681E97D80C00377887 /* Store */,
				08AF45601E97D45E00377887 /* GC */,
				08F3AFB61E98963600747EDD /* SMG.h */,
				08F3AFB71E98963600747EDD /* SMG.m */,
				08F3AFCD1E98B12A00747EDD /* SMGHeader.h */,
			);
			path = Class;
			sourceTree = "<group>";
		};
		08AF45601E97D45E00377887 /* GC */ = {
			isa = PBXGroup;
			children = (
				08AF45611E97D6F200377887 /* GC.h */,
				08AF45621E97D6F200377887 /* GC.m */,
			);
			path = GC;
			sourceTree = "<group>";
		};
		08AF45681E97D80C00377887 /* Store */ = {
			isa = PBXGroup;
			children = (
				083DA5EF1E99F2B50047A6DF /* temp */,
				08AF45691E97D80C00377887 /* MemStore.h */,
				08AF456A1E97D80C00377887 /* MemStore.m */,
				08AF456C1E97DDF600377887 /* MKStore.h */,
				08AF456D1E97DDF600377887 /* MKStore.m */,
				08F3AFB91E98966E00747EDD /* Store.h */,
				08F3AFBA1E98966E00747EDD /* Store.m */,
				08F3AFD21E98B63200747EDD /* StoreHeader.h */,
			);
			path = Store;
			sourceTree = "<group>";
		};
		08C84A8A1E9A85A600897D8B /* Input */ = {
			isa = PBXGroup;
			children = (
				08C84A8B1E9A861900897D8B /* InputHeader.h */,
				08C84A8C1E9A866200897D8B /* Input.h */,
				08C84A8D1E9A866200897D8B /* Input.m */,
				08C84A9A1E9A874C00897D8B /* InputModel.h */,
				08C84A9B1E9A874C00897D8B /* InputModel.m */,
			);
			path = Input;
			sourceTree = "<group>";
		};
		08C84A8F1E9A86B900897D8B /* Output */ = {
			isa = PBXGroup;
			children = (
				08C84A901E9A86B900897D8B /* Language.h */,
				08C84A911E9A86B900897D8B /* Language.m */,
				08C84A921E9A86B900897D8B /* LanguageHeader.h */,
			);
			path = Output;
			sourceTree = "<group>";
		};
		08F3AF991E98883C00747EDD /* Mind */ = {
			isa = PBXGroup;
			children = (
				08F3AFAA1E98898000747EDD /* Mind.h */,
				08F3AFAB1E98898000747EDD /* Mind.m */,
				08F3AFAD1E988E2A00747EDD /* MindEnum.h */,
				08F3AFB01E98929C00747EDD /* MindUtils.h */,
				08F3AFB11E98929C00747EDD /* MindUtils.m */,
				08F3AFBC1E989B8F00747EDD /* MindHeader.h */,
			);
			path = Mind;
			sourceTree = "<group>";
		};
		08F3AFC11E98A13200747EDD /* Extension */ = {
			isa = PBXGroup;
			children = (
				08F3AFD01E98B13B00747EDD /* SMGEnum.h */,
			);
			path = Extension;
			sourceTree = "<group>";
		};
		08F639801E9A2DCE003CD163 /* Feel */ = {
			isa = PBXGroup;
			children = (
				08F639811E9A2EC0003CD163 /* FeelValueModel.h */,
				08F639821E9A2EC0003CD163 /* FeelValueModel.m */,
				08F639841E9A2F6C003CD163 /* FeelModel.h */,
				08F639851E9A2F6C003CD163 /* FeelModel.m */,
				08F639871E9A2FF4003CD163 /* Feel.h */,
				08F639881E9A2FF4003CD163 /* Feel.m */,
				08F6398A1E9A3316003CD163 /* FeelHeader.h */,
				08F6398B1E9A3326003CD163 /* FeelEnum.h */,
				088331C41E9BD3D00026DE23 /* FeelImgModel.h */,
				088331C51E9BD3D00026DE23 /* FeelImgModel.m */,
				088331C71E9BD59F0026DE23 /* FeelAudioModel.h */,
				088331C81E9BD59F0026DE23 /* FeelAudioModel.m */,
				088331CA1E9BD68C0026DE23 /* FeelTextModel.h */,
				088331CB1E9BD68C0026DE23 /* FeelTextModel.m */,
			);
			path = Feel;
			sourceTree = "<group>";
		};
		207E0C8ABC4501E50CC5D363 /* Frameworks */ = {
			isa = PBXGroup;
			children = (
				DFBD58BA1D49147BC1DBA697 /* libPods-SMG_NothingIsAll.a */,
			);
			name = Frameworks;
			sourceTree = "<group>";
		};
		C2C394C172413FE5FD49262C /* Pods */ = {
			isa = PBXGroup;
			children = (
				E74E5256A45FDF9C80A280FD /* Pods-SMG_NothingIsAll.debug.xcconfig */,
				DE79539824FEDBA53557ECCA /* Pods-SMG_NothingIsAll.release.xcconfig */,
			);
			name = Pods;
			sourceTree = "<group>";
		};
/* End PBXGroup section */

/* Begin PBXNativeTarget section */
		08AF45441E97D0B500377887 /* SMG_NothingIsAll */ = {
			isa = PBXNativeTarget;
			buildConfigurationList = 08AF455C1E97D0B500377887 /* Build configuration list for PBXNativeTarget "SMG_NothingIsAll" */;
			buildPhases = (
				695B8C085D8E79B46D107142 /* [CP] Check Pods Manifest.lock */,
				08AF45411E97D0B500377887 /* Sources */,
				08AF45421E97D0B500377887 /* Frameworks */,
				08AF45431E97D0B500377887 /* Resources */,
				A3A068A1F85BECB7B75D5186 /* [CP] Embed Pods Frameworks */,
				9F7152650ADCE3A7B7E7624F /* [CP] Copy Pods Resources */,
			);
			buildRules = (
			);
			dependencies = (
			);
			name = SMG_NothingIsAll;
			productName = SMG_NothingIsAll;
			productReference = 08AF45451E97D0B500377887 /* SMG_NothingIsAll.app */;
			productType = "com.apple.product-type.application";
		};
/* End PBXNativeTarget section */

/* Begin PBXProject section */
		08AF453D1E97D0B500377887 /* Project object */ = {
			isa = PBXProject;
			attributes = {
				LastUpgradeCheck = 0830;
				ORGANIZATIONNAME = XiaoGang;
				TargetAttributes = {
					08AF45441E97D0B500377887 = {
						CreatedOnToolsVersion = 8.3;
						DevelopmentTeam = JFKVVV67KW;
						ProvisioningStyle = Automatic;
					};
				};
			};
			buildConfigurationList = 08AF45401E97D0B500377887 /* Build configuration list for PBXProject "SMG_NothingIsAll" */;
			compatibilityVersion = "Xcode 3.2";
			developmentRegion = English;
			hasScannedForEncodings = 0;
			knownRegions = (
				en,
				Base,
			);
			mainGroup = 08AF453C1E97D0B500377887;
			productRefGroup = 08AF45461E97D0B500377887 /* Products */;
			projectDirPath = "";
			projectRoot = "";
			targets = (
				08AF45441E97D0B500377887 /* SMG_NothingIsAll */,
			);
		};
/* End PBXProject section */

/* Begin PBXResourcesBuildPhase section */
		08AF45431E97D0B500377887 /* Resources */ = {
			isa = PBXResourcesBuildPhase;
			buildActionMask = 2147483647;
			files = (
				08AF45581E97D0B500377887 /* LaunchScreen.storyboard in Resources */,
				08AF45551E97D0B500377887 /* Assets.xcassets in Resources */,
				084750AF1EA0601400316BEF /* StudyViewController.xib in Resources */,
			);
			runOnlyForDeploymentPostprocessing = 0;
		};
/* End PBXResourcesBuildPhase section */

/* Begin PBXShellScriptBuildPhase section */
		695B8C085D8E79B46D107142 /* [CP] Check Pods Manifest.lock */ = {
			isa = PBXShellScriptBuildPhase;
			buildActionMask = 2147483647;
			files = (
			);
			inputPaths = (
			);
			name = "[CP] Check Pods Manifest.lock";
			outputPaths = (
			);
			runOnlyForDeploymentPostprocessing = 0;
			shellPath = /bin/sh;
			shellScript = "diff \"${PODS_ROOT}/../Podfile.lock\" \"${PODS_ROOT}/Manifest.lock\" > /dev/null\nif [ $? != 0 ] ; then\n    # print error to STDERR\n    echo \"error: The sandbox is not in sync with the Podfile.lock. Run 'pod install' or update your CocoaPods installation.\" >&2\n    exit 1\nfi\n";
			showEnvVarsInLog = 0;
		};
		9F7152650ADCE3A7B7E7624F /* [CP] Copy Pods Resources */ = {
			isa = PBXShellScriptBuildPhase;
			buildActionMask = 2147483647;
			files = (
			);
			inputPaths = (
			);
			name = "[CP] Copy Pods Resources";
			outputPaths = (
			);
			runOnlyForDeploymentPostprocessing = 0;
			shellPath = /bin/sh;
			shellScript = "\"${SRCROOT}/Pods/Target Support Files/Pods-SMG_NothingIsAll/Pods-SMG_NothingIsAll-resources.sh\"\n";
			showEnvVarsInLog = 0;
		};
		A3A068A1F85BECB7B75D5186 /* [CP] Embed Pods Frameworks */ = {
			isa = PBXShellScriptBuildPhase;
			buildActionMask = 2147483647;
			files = (
			);
			inputPaths = (
			);
			name = "[CP] Embed Pods Frameworks";
			outputPaths = (
			);
			runOnlyForDeploymentPostprocessing = 0;
			shellPath = /bin/sh;
			shellScript = "\"${SRCROOT}/Pods/Target Support Files/Pods-SMG_NothingIsAll/Pods-SMG_NothingIsAll-frameworks.sh\"\n";
			showEnvVarsInLog = 0;
		};
/* End PBXShellScriptBuildPhase section */

/* Begin PBXSourcesBuildPhase section */
		08AF45411E97D0B500377887 /* Sources */ = {
			isa = PBXSourcesBuildPhase;
			buildActionMask = 2147483647;
			files = (
				08F3AFAC1E98898000747EDD /* Mind.m in Sources */,
				08F639861E9A2F6C003CD163 /* FeelModel.m in Sources */,
				088331C61E9BD3D00026DE23 /* FeelImgModel.m in Sources */,
				08AF456E1E97DDF600377887 /* MKStore.m in Sources */,
				08F3AFBB1E98966E00747EDD /* Store.m in Sources */,
				088331C91E9BD59F0026DE23 /* FeelAudioModel.m in Sources */,
				08C84A9C1E9A874C00897D8B /* InputModel.m in Sources */,
				08C84A8E1E9A866200897D8B /* Input.m in Sources */,
				084750AE1EA0601400316BEF /* StudyViewController.m in Sources */,
				08F639831E9A2EC0003CD163 /* FeelValueModel.m in Sources */,
				08F3AFB81E98963600747EDD /* SMG.m in Sources */,
				08C84A931E9A86B900897D8B /* Language.m in Sources */,
				08AF45631E97D6F200377887 /* GC.m in Sources */,
				08AF454D1E97D0B500377887 /* AppDelegate.m in Sources */,
				08C84A981E9A86C400897D8B /* StoreLogModel_Text.m in Sources */,
				08F639891E9A2FF4003CD163 /* Feel.m in Sources */,
				08AF454A1E97D0B500377887 /* main.m in Sources */,
				08AF456B1E97D80C00377887 /* MemStore.m in Sources */,
				08F3AFB21E98929C00747EDD /* MindUtils.m in Sources */,
				08CF5B061EA4C610001098C7 /* DoModel.m in Sources */,
				08C84A991E9A86C400897D8B /* StoreModel_Text.m in Sources */,
				088331CC1E9BD68C0026DE23 /* FeelTextModel.m in Sources */,
				083DA5EE1E99E37A0047A6DF /* Understand.m in Sources */,
			);
			runOnlyForDeploymentPostprocessing = 0;
		};
/* End PBXSourcesBuildPhase section */

/* Begin PBXVariantGroup section */
		08AF45561E97D0B500377887 /* LaunchScreen.storyboard */ = {
			isa = PBXVariantGroup;
			children = (
				08AF45571E97D0B500377887 /* Base */,
			);
			name = LaunchScreen.storyboard;
			sourceTree = "<group>";
		};
/* End PBXVariantGroup section */

/* Begin XCBuildConfiguration section */
		08AF455A1E97D0B500377887 /* Debug */ = {
			isa = XCBuildConfiguration;
			buildSettings = {
				ALWAYS_SEARCH_USER_PATHS = NO;
				CLANG_ANALYZER_NONNULL = YES;
				CLANG_ANALYZER_NUMBER_OBJECT_CONVERSION = YES_AGGRESSIVE;
				CLANG_CXX_LANGUAGE_STANDARD = "gnu++0x";
				CLANG_CXX_LIBRARY = "libc++";
				CLANG_ENABLE_MODULES = YES;
				CLANG_ENABLE_OBJC_ARC = YES;
				CLANG_WARN_BOOL_CONVERSION = YES;
				CLANG_WARN_CONSTANT_CONVERSION = YES;
				CLANG_WARN_DIRECT_OBJC_ISA_USAGE = YES_ERROR;
				CLANG_WARN_DOCUMENTATION_COMMENTS = YES;
				CLANG_WARN_EMPTY_BODY = YES;
				CLANG_WARN_ENUM_CONVERSION = YES;
				CLANG_WARN_INFINITE_RECURSION = YES;
				CLANG_WARN_INT_CONVERSION = YES;
				CLANG_WARN_OBJC_ROOT_CLASS = YES_ERROR;
				CLANG_WARN_SUSPICIOUS_MOVE = YES;
				CLANG_WARN_UNREACHABLE_CODE = YES;
				CLANG_WARN__DUPLICATE_METHOD_MATCH = YES;
				"CODE_SIGN_IDENTITY[sdk=iphoneos*]" = "iPhone Developer";
				COPY_PHASE_STRIP = NO;
				DEBUG_INFORMATION_FORMAT = dwarf;
				ENABLE_STRICT_OBJC_MSGSEND = YES;
				ENABLE_TESTABILITY = YES;
				GCC_C_LANGUAGE_STANDARD = gnu99;
				GCC_DYNAMIC_NO_PIC = NO;
				GCC_NO_COMMON_BLOCKS = YES;
				GCC_OPTIMIZATION_LEVEL = 0;
				GCC_PREPROCESSOR_DEFINITIONS = (
					"DEBUG=1",
					"$(inherited)",
				);
				GCC_WARN_64_TO_32_BIT_CONVERSION = YES;
				GCC_WARN_ABOUT_RETURN_TYPE = YES_ERROR;
				GCC_WARN_UNDECLARED_SELECTOR = YES;
				GCC_WARN_UNINITIALIZED_AUTOS = YES_AGGRESSIVE;
				GCC_WARN_UNUSED_FUNCTION = YES;
				GCC_WARN_UNUSED_VARIABLE = YES;
				IPHONEOS_DEPLOYMENT_TARGET = 10.3;
				MTL_ENABLE_DEBUG_INFO = YES;
				ONLY_ACTIVE_ARCH = YES;
				SDKROOT = iphoneos;
				TARGETED_DEVICE_FAMILY = "1,2";
			};
			name = Debug;
		};
		08AF455B1E97D0B500377887 /* Release */ = {
			isa = XCBuildConfiguration;
			buildSettings = {
				ALWAYS_SEARCH_USER_PATHS = NO;
				CLANG_ANALYZER_NONNULL = YES;
				CLANG_ANALYZER_NUMBER_OBJECT_CONVERSION = YES_AGGRESSIVE;
				CLANG_CXX_LANGUAGE_STANDARD = "gnu++0x";
				CLANG_CXX_LIBRARY = "libc++";
				CLANG_ENABLE_MODULES = YES;
				CLANG_ENABLE_OBJC_ARC = YES;
				CLANG_WARN_BOOL_CONVERSION = YES;
				CLANG_WARN_CONSTANT_CONVERSION = YES;
				CLANG_WARN_DIRECT_OBJC_ISA_USAGE = YES_ERROR;
				CLANG_WARN_DOCUMENTATION_COMMENTS = YES;
				CLANG_WARN_EMPTY_BODY = YES;
				CLANG_WARN_ENUM_CONVERSION = YES;
				CLANG_WARN_INFINITE_RECURSION = YES;
				CLANG_WARN_INT_CONVERSION = YES;
				CLANG_WARN_OBJC_ROOT_CLASS = YES_ERROR;
				CLANG_WARN_SUSPICIOUS_MOVE = YES;
				CLANG_WARN_UNREACHABLE_CODE = YES;
				CLANG_WARN__DUPLICATE_METHOD_MATCH = YES;
				"CODE_SIGN_IDENTITY[sdk=iphoneos*]" = "iPhone Developer";
				COPY_PHASE_STRIP = NO;
				DEBUG_INFORMATION_FORMAT = "dwarf-with-dsym";
				ENABLE_NS_ASSERTIONS = NO;
				ENABLE_STRICT_OBJC_MSGSEND = YES;
				GCC_C_LANGUAGE_STANDARD = gnu99;
				GCC_NO_COMMON_BLOCKS = YES;
				GCC_WARN_64_TO_32_BIT_CONVERSION = YES;
				GCC_WARN_ABOUT_RETURN_TYPE = YES_ERROR;
				GCC_WARN_UNDECLARED_SELECTOR = YES;
				GCC_WARN_UNINITIALIZED_AUTOS = YES_AGGRESSIVE;
				GCC_WARN_UNUSED_FUNCTION = YES;
				GCC_WARN_UNUSED_VARIABLE = YES;
				IPHONEOS_DEPLOYMENT_TARGET = 10.3;
				MTL_ENABLE_DEBUG_INFO = NO;
				SDKROOT = iphoneos;
				TARGETED_DEVICE_FAMILY = "1,2";
				VALIDATE_PRODUCT = YES;
			};
			name = Release;
		};
		08AF455D1E97D0B500377887 /* Debug */ = {
			isa = XCBuildConfiguration;
			baseConfigurationReference = E74E5256A45FDF9C80A280FD /* Pods-SMG_NothingIsAll.debug.xcconfig */;
			buildSettings = {
				ASSETCATALOG_COMPILER_APPICON_NAME = AppIcon;
				DEVELOPMENT_TEAM = JFKVVV67KW;
				INFOPLIST_FILE = SMG_NothingIsAll/Info.plist;
				LD_RUNPATH_SEARCH_PATHS = "$(inherited) @executable_path/Frameworks";
				PRODUCT_BUNDLE_IDENTIFIER = "com.jxg.test.SMG-NothingIsAll";
				PRODUCT_NAME = "$(TARGET_NAME)";
			};
			name = Debug;
		};
		08AF455E1E97D0B500377887 /* Release */ = {
			isa = XCBuildConfiguration;
			baseConfigurationReference = DE79539824FEDBA53557ECCA /* Pods-SMG_NothingIsAll.release.xcconfig */;
			buildSettings = {
				ASSETCATALOG_COMPILER_APPICON_NAME = AppIcon;
				DEVELOPMENT_TEAM = JFKVVV67KW;
				INFOPLIST_FILE = SMG_NothingIsAll/Info.plist;
				LD_RUNPATH_SEARCH_PATHS = "$(inherited) @executable_path/Frameworks";
				PRODUCT_BUNDLE_IDENTIFIER = "com.jxg.test.SMG-NothingIsAll";
				PRODUCT_NAME = "$(TARGET_NAME)";
			};
			name = Release;
		};
/* End XCBuildConfiguration section */

/* Begin XCConfigurationList section */
		08AF45401E97D0B500377887 /* Build configuration list for PBXProject "SMG_NothingIsAll" */ = {
			isa = XCConfigurationList;
			buildConfigurations = (
				08AF455A1E97D0B500377887 /* Debug */,
				08AF455B1E97D0B500377887 /* Release */,
			);
			defaultConfigurationIsVisible = 0;
			defaultConfigurationName = Release;
		};
		08AF455C1E97D0B500377887 /* Build configuration list for PBXNativeTarget "SMG_NothingIsAll" */ = {
			isa = XCConfigurationList;
			buildConfigurations = (
				08AF455D1E97D0B500377887 /* Debug */,
				08AF455E1E97D0B500377887 /* Release */,
			);
			defaultConfigurationIsVisible = 0;
			defaultConfigurationName = Release;
		};
/* End XCConfigurationList section */
	};
	rootObject = 08AF453D1E97D0B500377887 /* Project object */;
}
