// !$*UTF8*$!
{
	archiveVersion = 1;
	classes = {
	};
	objectVersion = 46;
	objects = {

/* Begin PBXBuildFile section */
		0813D63E1EDF729F0089FA0C /* FeelTextUtils.m in Sources */ = {isa = PBXBuildFile; fileRef = 0813D63D1EDF729F0089FA0C /* FeelTextUtils.m */; };
		0813D64C1EDF7B150089FA0C /* InputAudioModel.m in Sources */ = {isa = PBXBuildFile; fileRef = 0813D6431EDF7B150089FA0C /* InputAudioModel.m */; };
		0813D64D1EDF7B150089FA0C /* InputDoModel.m in Sources */ = {isa = PBXBuildFile; fileRef = 0813D6451EDF7B150089FA0C /* InputDoModel.m */; };
		0813D64E1EDF7B150089FA0C /* InputModelBase.m in Sources */ = {isa = PBXBuildFile; fileRef = 0813D6471EDF7B150089FA0C /* InputModelBase.m */; };
		0813D64F1EDF7B150089FA0C /* InputObjModel.m in Sources */ = {isa = PBXBuildFile; fileRef = 0813D6491EDF7B150089FA0C /* InputObjModel.m */; };
		0813D6501EDF7B150089FA0C /* InputTextModel.m in Sources */ = {isa = PBXBuildFile; fileRef = 0813D64B1EDF7B150089FA0C /* InputTextModel.m */; };
		081DA13B1ED47CE000C8C531 /* AIArray.m in Sources */ = {isa = PBXBuildFile; fileRef = 081DA13A1ED47CE000C8C531 /* AIArray.m */; };
		082F9D561EB234750009F6A9 /* Output.m in Sources */ = {isa = PBXBuildFile; fileRef = 082F9D551EB234750009F6A9 /* Output.m */; };
		082F9D5C1EB236AC0009F6A9 /* StudyViewController.m in Sources */ = {isa = PBXBuildFile; fileRef = 082F9D5A1EB236AC0009F6A9 /* StudyViewController.m */; };
		082F9D5D1EB236AC0009F6A9 /* StudyViewController.xib in Resources */ = {isa = PBXBuildFile; fileRef = 082F9D5B1EB236AC0009F6A9 /* StudyViewController.xib */; };
		082F9D601EB236E80009F6A9 /* SMGOutputDelegate.m in Sources */ = {isa = PBXBuildFile; fileRef = 082F9D5F1EB236E80009F6A9 /* SMGOutputDelegate.m */; };
		0831CF5E1EBEF20500C020E6 /* DBUtils.m in Sources */ = {isa = PBXBuildFile; fileRef = 0831CF5D1EBEF20500C020E6 /* DBUtils.m */; };
		087753241ECFE1C400E7AD09 /* Understand.m in Sources */ = {isa = PBXBuildFile; fileRef = 0877531E1ECFE1C400E7AD09 /* Understand.m */; };
		087753251ECFE1C400E7AD09 /* UnderstandUtils.m in Sources */ = {isa = PBXBuildFile; fileRef = 087753211ECFE1C400E7AD09 /* UnderstandUtils.m */; };
		0895DAE61EB2D52D00E2B5C7 /* DataViewController.m in Sources */ = {isa = PBXBuildFile; fileRef = 0895DAE41EB2D52D00E2B5C7 /* DataViewController.m */; };
		0895DAE71EB2D52D00E2B5C7 /* DataViewController.xib in Resources */ = {isa = PBXBuildFile; fileRef = 0895DAE51EB2D52D00E2B5C7 /* DataViewController.xib */; };
		0895DAEB1EB2D7EB00E2B5C7 /* DataCell.m in Sources */ = {isa = PBXBuildFile; fileRef = 0895DAE91EB2D7EB00E2B5C7 /* DataCell.m */; };
		0895DAEC1EB2D7EB00E2B5C7 /* DataCell.xib in Resources */ = {isa = PBXBuildFile; fileRef = 0895DAEA1EB2D7EB00E2B5C7 /* DataCell.xib */; };
		089D359E1EE2BA9200AA6622 /* DemandFactory.m in Sources */ = {isa = PBXBuildFile; fileRef = 089D359B1EE2BA9200AA6622 /* DemandFactory.m */; };
		089D359F1EE2BA9200AA6622 /* DemandModel.m in Sources */ = {isa = PBXBuildFile; fileRef = 089D359D1EE2BA9200AA6622 /* DemandModel.m */; };
		08AF454A1E97D0B500377887 /* main.m in Sources */ = {isa = PBXBuildFile; fileRef = 08AF45491E97D0B500377887 /* main.m */; };
		08AF454D1E97D0B500377887 /* AppDelegate.m in Sources */ = {isa = PBXBuildFile; fileRef = 08AF454C1E97D0B500377887 /* AppDelegate.m */; };
		08AF45551E97D0B500377887 /* Assets.xcassets in Resources */ = {isa = PBXBuildFile; fileRef = 08AF45541E97D0B500377887 /* Assets.xcassets */; };
		08AF45581E97D0B500377887 /* LaunchScreen.storyboard in Resources */ = {isa = PBXBuildFile; fileRef = 08AF45561E97D0B500377887 /* LaunchScreen.storyboard */; };
		08AF456E1E97DDF600377887 /* MKStore.m in Sources */ = {isa = PBXBuildFile; fileRef = 08AF456D1E97DDF600377887 /* MKStore.m */; };
		08C84A8E1E9A866200897D8B /* Input.m in Sources */ = {isa = PBXBuildFile; fileRef = 08C84A8D1E9A866200897D8B /* Input.m */; };
		08D322A91EBA28B0009D734A /* Foundation+Log.m in Sources */ = {isa = PBXBuildFile; fileRef = 08D322A81EBA28B0009D734A /* Foundation+Log.m */; };
		08D7DA491ED149E8004B1018 /* AIObject.m in Sources */ = {isa = PBXBuildFile; fileRef = 08D7DA481ED149E8004B1018 /* AIObject.m */; };
		08D7DA4C1ED149F8004B1018 /* AIString.m in Sources */ = {isa = PBXBuildFile; fileRef = 08D7DA4B1ED149F8004B1018 /* AIString.m */; };
		08D7DA4F1ED14BC7004B1018 /* AIChar.m in Sources */ = {isa = PBXBuildFile; fileRef = 08D7DA4E1ED14BC7004B1018 /* AIChar.m */; };
		08DACE951EBD805C00FDC0B6 /* NSString+Extension.m in Sources */ = {isa = PBXBuildFile; fileRef = 08DACE941EBD805C00FDC0B6 /* NSString+Extension.m */; };
		08E3CCCA1EE60F8D002990FD /* ThinkControl.m in Sources */ = {isa = PBXBuildFile; fileRef = 08E3CCC91EE60F8D002990FD /* ThinkControl.m */; };
		08E58DDE1ED3CE18008B0D76 /* CharModel.m in Sources */ = {isa = PBXBuildFile; fileRef = 08E58DB71ED3CE18008B0D76 /* CharModel.m */; };
		08E58DDF1ED3CE18008B0D76 /* CharStore.m in Sources */ = {isa = PBXBuildFile; fileRef = 08E58DB91ED3CE18008B0D76 /* CharStore.m */; };
		08E58DE01ED3CE18008B0D76 /* ClassStore.m in Sources */ = {isa = PBXBuildFile; fileRef = 08E58DBC1ED3CE18008B0D76 /* ClassStore.m */; };
		08E58DE11ED3CE18008B0D76 /* DoModel.m in Sources */ = {isa = PBXBuildFile; fileRef = 08E58DBF1ED3CE18008B0D76 /* DoModel.m */; };
		08E58DE21ED3CE18008B0D76 /* DoStore.m in Sources */ = {isa = PBXBuildFile; fileRef = 08E58DC11ED3CE18008B0D76 /* DoStore.m */; };
		08E58DE31ED3CE18008B0D76 /* ObjModel.m in Sources */ = {isa = PBXBuildFile; fileRef = 08E58DC41ED3CE18008B0D76 /* ObjModel.m */; };
		08E58DE41ED3CE18008B0D76 /* ObjStore.m in Sources */ = {isa = PBXBuildFile; fileRef = 08E58DC61ED3CE18008B0D76 /* ObjStore.m */; };
		08E58DE51ED3CE18008B0D76 /* TextModel.m in Sources */ = {isa = PBXBuildFile; fileRef = 08E58DC91ED3CE18008B0D76 /* TextModel.m */; };
		08E58DE61ED3CE18008B0D76 /* TextStore.m in Sources */ = {isa = PBXBuildFile; fileRef = 08E58DCB1ED3CE18008B0D76 /* TextStore.m */; };
		08E58DE71ED3CE18008B0D76 /* TextStoreUtils.m in Sources */ = {isa = PBXBuildFile; fileRef = 08E58DCD1ED3CE18008B0D76 /* TextStoreUtils.m */; };
		08E58DE81ED3CE18008B0D76 /* MemModel.m in Sources */ = {isa = PBXBuildFile; fileRef = 08E58DD01ED3CE18008B0D76 /* MemModel.m */; };
		08E58DE91ED3CE18008B0D76 /* MemStore.m in Sources */ = {isa = PBXBuildFile; fileRef = 08E58DD21ED3CE18008B0D76 /* MemStore.m */; };
		08E58DEA1ED3CE18008B0D76 /* LawModel.m in Sources */ = {isa = PBXBuildFile; fileRef = 08E58DD51ED3CE18008B0D76 /* LawModel.m */; };
		08E58DEB1ED3CE18008B0D76 /* LawStore.m in Sources */ = {isa = PBXBuildFile; fileRef = 08E58DD71ED3CE18008B0D76 /* LawStore.m */; };
		08E58DEC1ED3CE18008B0D76 /* LogicModel.m in Sources */ = {isa = PBXBuildFile; fileRef = 08E58DD91ED3CE18008B0D76 /* LogicModel.m */; };
		08E58DED1ED3CE18008B0D76 /* LogicStore.m in Sources */ = {isa = PBXBuildFile; fileRef = 08E58DDB1ED3CE18008B0D76 /* LogicStore.m */; };
		08E99C481EBDD1C800A38FF5 /* MindControl.m in Sources */ = {isa = PBXBuildFile; fileRef = 08E99C471EBDD1C800A38FF5 /* MindControl.m */; };
		08F140CB1ED7B4BD00E3B4D0 /* AIPointer.m in Sources */ = {isa = PBXBuildFile; fileRef = 08F140CA1ED7B4BD00E3B4D0 /* AIPointer.m */; };
		08F140D51ED7C35C00E3B4D0 /* AILaw.m in Sources */ = {isa = PBXBuildFile; fileRef = 08F140D21ED7C35C00E3B4D0 /* AILaw.m */; };
		08F140D61ED7C35C00E3B4D0 /* AILogic.m in Sources */ = {isa = PBXBuildFile; fileRef = 08F140D41ED7C35C00E3B4D0 /* AILogic.m */; };
		08F140DA1ED7C3BB00E3B4D0 /* AIValue.m in Sources */ = {isa = PBXBuildFile; fileRef = 08F140D91ED7C3BB00E3B4D0 /* AIValue.m */; };
		08F140DD1ED7C49C00E3B4D0 /* AIDo.m in Sources */ = {isa = PBXBuildFile; fileRef = 08F140DC1ED7C49C00E3B4D0 /* AIDo.m */; };
		08F140E01ED7C4C400E3B4D0 /* AIObj.m in Sources */ = {isa = PBXBuildFile; fileRef = 08F140DF1ED7C4C400E3B4D0 /* AIObj.m */; };
		08F140E31ED7C50500E3B4D0 /* AIMemory.m in Sources */ = {isa = PBXBuildFile; fileRef = 08F140E21ED7C50500E3B4D0 /* AIMemory.m */; };
		08F3AFB21E98929C00747EDD /* MindUtils.m in Sources */ = {isa = PBXBuildFile; fileRef = 08F3AFB11E98929C00747EDD /* MindUtils.m */; };
		08F3AFB81E98963600747EDD /* SMG.m in Sources */ = {isa = PBXBuildFile; fileRef = 08F3AFB71E98963600747EDD /* SMG.m */; };
		08F3AFBB1E98966E00747EDD /* Store.m in Sources */ = {isa = PBXBuildFile; fileRef = 08F3AFBA1E98966E00747EDD /* Store.m */; };
		08F4C98E1EA7A03900F3EDA8 /* SMGUtils.m in Sources */ = {isa = PBXBuildFile; fileRef = 08F4C98D1EA7A03900F3EDA8 /* SMGUtils.m */; };
		08F639831E9A2EC0003CD163 /* FeelValueModel.m in Sources */ = {isa = PBXBuildFile; fileRef = 08F639821E9A2EC0003CD163 /* FeelValueModel.m */; };
		08F639891E9A2FF4003CD163 /* Feel.m in Sources */ = {isa = PBXBuildFile; fileRef = 08F639881E9A2FF4003CD163 /* Feel.m */; };
		08F782401ED91290004884BE /* Decision.m in Sources */ = {isa = PBXBuildFile; fileRef = 08F7823F1ED91290004884BE /* Decision.m */; };
		08FBB9081EE76E78000F9E80 /* Hobby.m in Sources */ = {isa = PBXBuildFile; fileRef = 08FBB9011EE76E78000F9E80 /* Hobby.m */; };
		08FBB9091EE76E78000F9E80 /* HobbyModel.m in Sources */ = {isa = PBXBuildFile; fileRef = 08FBB9031EE76E78000F9E80 /* HobbyModel.m */; };
		08FBB90A1EE76E78000F9E80 /* Mine.m in Sources */ = {isa = PBXBuildFile; fileRef = 08FBB9051EE76E78000F9E80 /* Mine.m */; };
		08FBB90B1EE76E78000F9E80 /* Mood.m in Sources */ = {isa = PBXBuildFile; fileRef = 08FBB9071EE76E78000F9E80 /* Mood.m */; };
		08FBB90E1EE76E9D000F9E80 /* Hunger.m in Sources */ = {isa = PBXBuildFile; fileRef = 08FBB90D1EE76E9D000F9E80 /* Hunger.m */; };
		08FBB9111EE77FF9000F9E80 /* MindStrategy.m in Sources */ = {isa = PBXBuildFile; fileRef = 08FBB9101EE77FF9000F9E80 /* MindStrategy.m */; };
		08FDCE8E1EAA4A8E00882ADC /* SMGRange.m in Sources */ = {isa = PBXBuildFile; fileRef = 08FDCE8D1EAA4A8E00882ADC /* SMGRange.m */; };
		2753D7CF7BAEDFEACAF9264A /* libPods-SMG_NothingIsAll.a in Frameworks */ = {isa = PBXBuildFile; fileRef = DFBD58BA1D49147BC1DBA697 /* libPods-SMG_NothingIsAll.a */; };
/* End PBXBuildFile section */

/* Begin PBXFileReference section */
		080D059B1EE0E18E00DC62B5 /* ThinkHeader.h */ = {isa = PBXFileReference; fileEncoding = 4; lastKnownFileType = sourcecode.c.h; path = ThinkHeader.h; sourceTree = "<group>"; };
		0813D63C1EDF729F0089FA0C /* FeelTextUtils.h */ = {isa = PBXFileReference; fileEncoding = 4; lastKnownFileType = sourcecode.c.h; path = FeelTextUtils.h; sourceTree = "<group>"; };
		0813D63D1EDF729F0089FA0C /* FeelTextUtils.m */ = {isa = PBXFileReference; fileEncoding = 4; lastKnownFileType = sourcecode.c.objc; path = FeelTextUtils.m; sourceTree = "<group>"; };
		0813D6421EDF7B150089FA0C /* InputAudioModel.h */ = {isa = PBXFileReference; fileEncoding = 4; lastKnownFileType = sourcecode.c.h; path = InputAudioModel.h; sourceTree = "<group>"; };
		0813D6431EDF7B150089FA0C /* InputAudioModel.m */ = {isa = PBXFileReference; fileEncoding = 4; lastKnownFileType = sourcecode.c.objc; path = InputAudioModel.m; sourceTree = "<group>"; };
		0813D6441EDF7B150089FA0C /* InputDoModel.h */ = {isa = PBXFileReference; fileEncoding = 4; lastKnownFileType = sourcecode.c.h; path = InputDoModel.h; sourceTree = "<group>"; };
		0813D6451EDF7B150089FA0C /* InputDoModel.m */ = {isa = PBXFileReference; fileEncoding = 4; lastKnownFileType = sourcecode.c.objc; path = InputDoModel.m; sourceTree = "<group>"; };
		0813D6461EDF7B150089FA0C /* InputModelBase.h */ = {isa = PBXFileReference; fileEncoding = 4; lastKnownFileType = sourcecode.c.h; path = InputModelBase.h; sourceTree = "<group>"; };
		0813D6471EDF7B150089FA0C /* InputModelBase.m */ = {isa = PBXFileReference; fileEncoding = 4; lastKnownFileType = sourcecode.c.objc; path = InputModelBase.m; sourceTree = "<group>"; };
		0813D6481EDF7B150089FA0C /* InputObjModel.h */ = {isa = PBXFileReference; fileEncoding = 4; lastKnownFileType = sourcecode.c.h; path = InputObjModel.h; sourceTree = "<group>"; };
		0813D6491EDF7B150089FA0C /* InputObjModel.m */ = {isa = PBXFileReference; fileEncoding = 4; lastKnownFileType = sourcecode.c.objc; path = InputObjModel.m; sourceTree = "<group>"; };
		0813D64A1EDF7B150089FA0C /* InputTextModel.h */ = {isa = PBXFileReference; fileEncoding = 4; lastKnownFileType = sourcecode.c.h; path = InputTextModel.h; sourceTree = "<group>"; };
		0813D64B1EDF7B150089FA0C /* InputTextModel.m */ = {isa = PBXFileReference; fileEncoding = 4; lastKnownFileType = sourcecode.c.objc; path = InputTextModel.m; sourceTree = "<group>"; };
		081DA1391ED47CE000C8C531 /* AIArray.h */ = {isa = PBXFileReference; fileEncoding = 4; lastKnownFileType = sourcecode.c.h; path = AIArray.h; sourceTree = "<group>"; };
		081DA13A1ED47CE000C8C531 /* AIArray.m */ = {isa = PBXFileReference; fileEncoding = 4; lastKnownFileType = sourcecode.c.objc; path = AIArray.m; sourceTree = "<group>"; };
		082F9D541EB234750009F6A9 /* Output.h */ = {isa = PBXFileReference; fileEncoding = 4; lastKnownFileType = sourcecode.c.h; path = Output.h; sourceTree = "<group>"; };
		082F9D551EB234750009F6A9 /* Output.m */ = {isa = PBXFileReference; fileEncoding = 4; lastKnownFileType = sourcecode.c.objc; path = Output.m; sourceTree = "<group>"; };
		082F9D571EB235F30009F6A9 /* OutputDelegate.h */ = {isa = PBXFileReference; lastKnownFileType = sourcecode.c.h; path = OutputDelegate.h; sourceTree = "<group>"; };
		082F9D591EB236AC0009F6A9 /* StudyViewController.h */ = {isa = PBXFileReference; fileEncoding = 4; lastKnownFileType = sourcecode.c.h; path = StudyViewController.h; sourceTree = "<group>"; };
		082F9D5A1EB236AC0009F6A9 /* StudyViewController.m */ = {isa = PBXFileReference; fileEncoding = 4; lastKnownFileType = sourcecode.c.objc; path = StudyViewController.m; sourceTree = "<group>"; };
		082F9D5B1EB236AC0009F6A9 /* StudyViewController.xib */ = {isa = PBXFileReference; fileEncoding = 4; lastKnownFileType = file.xib; path = StudyViewController.xib; sourceTree = "<group>"; };
		082F9D5E1EB236E80009F6A9 /* SMGOutputDelegate.h */ = {isa = PBXFileReference; fileEncoding = 4; lastKnownFileType = sourcecode.c.h; path = SMGOutputDelegate.h; sourceTree = "<group>"; };
		082F9D5F1EB236E80009F6A9 /* SMGOutputDelegate.m */ = {isa = PBXFileReference; fileEncoding = 4; lastKnownFileType = sourcecode.c.objc; path = SMGOutputDelegate.m; sourceTree = "<group>"; };
		082F9D611EB236FA0009F6A9 /* OutputHeader.h */ = {isa = PBXFileReference; lastKnownFileType = sourcecode.c.h; path = OutputHeader.h; sourceTree = "<group>"; };
		0831CF5C1EBEF20500C020E6 /* DBUtils.h */ = {isa = PBXFileReference; fileEncoding = 4; lastKnownFileType = sourcecode.c.h; path = DBUtils.h; sourceTree = "<group>"; };
		0831CF5D1EBEF20500C020E6 /* DBUtils.m */ = {isa = PBXFileReference; fileEncoding = 4; lastKnownFileType = sourcecode.c.objc; path = DBUtils.m; sourceTree = "<group>"; };
		0877531D1ECFE1C400E7AD09 /* Understand.h */ = {isa = PBXFileReference; fileEncoding = 4; lastKnownFileType = sourcecode.c.h; path = Understand.h; sourceTree = "<group>"; };
		0877531E1ECFE1C400E7AD09 /* Understand.m */ = {isa = PBXFileReference; fileEncoding = 4; lastKnownFileType = sourcecode.c.objc; path = Understand.m; sourceTree = "<group>"; };
		087753201ECFE1C400E7AD09 /* UnderstandUtils.h */ = {isa = PBXFileReference; fileEncoding = 4; lastKnownFileType = sourcecode.c.h; path = UnderstandUtils.h; sourceTree = "<group>"; };
		087753211ECFE1C400E7AD09 /* UnderstandUtils.m */ = {isa = PBXFileReference; fileEncoding = 4; lastKnownFileType = sourcecode.c.objc; path = UnderstandUtils.m; sourceTree = "<group>"; };
		0895DAE31EB2D52D00E2B5C7 /* DataViewController.h */ = {isa = PBXFileReference; fileEncoding = 4; lastKnownFileType = sourcecode.c.h; path = DataViewController.h; sourceTree = "<group>"; };
		0895DAE41EB2D52D00E2B5C7 /* DataViewController.m */ = {isa = PBXFileReference; fileEncoding = 4; lastKnownFileType = sourcecode.c.objc; path = DataViewController.m; sourceTree = "<group>"; };
		0895DAE51EB2D52D00E2B5C7 /* DataViewController.xib */ = {isa = PBXFileReference; fileEncoding = 4; lastKnownFileType = file.xib; path = DataViewController.xib; sourceTree = "<group>"; };
		0895DAE81EB2D7EB00E2B5C7 /* DataCell.h */ = {isa = PBXFileReference; fileEncoding = 4; lastKnownFileType = sourcecode.c.h; path = DataCell.h; sourceTree = "<group>"; };
		0895DAE91EB2D7EB00E2B5C7 /* DataCell.m */ = {isa = PBXFileReference; fileEncoding = 4; lastKnownFileType = sourcecode.c.objc; path = DataCell.m; sourceTree = "<group>"; };
		0895DAEA1EB2D7EB00E2B5C7 /* DataCell.xib */ = {isa = PBXFileReference; fileEncoding = 4; lastKnownFileType = file.xib; path = DataCell.xib; sourceTree = "<group>"; };
		0895DAED1EB2DCBD00E2B5C7 /* AppEnum.h */ = {isa = PBXFileReference; fileEncoding = 4; lastKnownFileType = sourcecode.c.h; path = AppEnum.h; sourceTree = "<group>"; };
		089D359A1EE2BA9200AA6622 /* DemandFactory.h */ = {isa = PBXFileReference; fileEncoding = 4; lastKnownFileType = sourcecode.c.h; path = DemandFactory.h; sourceTree = "<group>"; };
		089D359B1EE2BA9200AA6622 /* DemandFactory.m */ = {isa = PBXFileReference; fileEncoding = 4; lastKnownFileType = sourcecode.c.objc; path = DemandFactory.m; sourceTree = "<group>"; };
		089D359C1EE2BA9200AA6622 /* DemandModel.h */ = {isa = PBXFileReference; fileEncoding = 4; lastKnownFileType = sourcecode.c.h; path = DemandModel.h; sourceTree = "<group>"; };
		089D359D1EE2BA9200AA6622 /* DemandModel.m */ = {isa = PBXFileReference; fileEncoding = 4; lastKnownFileType = sourcecode.c.objc; path = DemandModel.m; sourceTree = "<group>"; };
		08AF45451E97D0B500377887 /* SMG_NothingIsAll.app */ = {isa = PBXFileReference; explicitFileType = wrapper.application; includeInIndex = 0; path = SMG_NothingIsAll.app; sourceTree = BUILT_PRODUCTS_DIR; };
		08AF45491E97D0B500377887 /* main.m */ = {isa = PBXFileReference; lastKnownFileType = sourcecode.c.objc; path = main.m; sourceTree = "<group>"; };
		08AF454B1E97D0B500377887 /* AppDelegate.h */ = {isa = PBXFileReference; lastKnownFileType = sourcecode.c.h; path = AppDelegate.h; sourceTree = "<group>"; };
		08AF454C1E97D0B500377887 /* AppDelegate.m */ = {isa = PBXFileReference; lastKnownFileType = sourcecode.c.objc; path = AppDelegate.m; sourceTree = "<group>"; };
		08AF45541E97D0B500377887 /* Assets.xcassets */ = {isa = PBXFileReference; lastKnownFileType = folder.assetcatalog; path = Assets.xcassets; sourceTree = "<group>"; };
		08AF45571E97D0B500377887 /* Base */ = {isa = PBXFileReference; lastKnownFileType = file.storyboard; name = Base; path = Base.lproj/LaunchScreen.storyboard; sourceTree = "<group>"; };
		08AF45591E97D0B500377887 /* Info.plist */ = {isa = PBXFileReference; lastKnownFileType = text.plist.xml; path = Info.plist; sourceTree = "<group>"; };
		08AF456C1E97DDF600377887 /* MKStore.h */ = {isa = PBXFileReference; fileEncoding = 4; lastKnownFileType = sourcecode.c.h; path = MKStore.h; sourceTree = "<group>"; };
		08AF456D1E97DDF600377887 /* MKStore.m */ = {isa = PBXFileReference; fileEncoding = 4; lastKnownFileType = sourcecode.c.objc; path = MKStore.m; sourceTree = "<group>"; };
		08C84A8B1E9A861900897D8B /* InputHeader.h */ = {isa = PBXFileReference; lastKnownFileType = sourcecode.c.h; path = InputHeader.h; sourceTree = "<group>"; };
		08C84A8C1E9A866200897D8B /* Input.h */ = {isa = PBXFileReference; fileEncoding = 4; lastKnownFileType = sourcecode.c.h; path = Input.h; sourceTree = "<group>"; };
		08C84A8D1E9A866200897D8B /* Input.m */ = {isa = PBXFileReference; fileEncoding = 4; lastKnownFileType = sourcecode.c.objc; path = Input.m; sourceTree = "<group>"; };
		08D322A71EBA2783009D734A /* SMGPrefixHeader.pch */ = {isa = PBXFileReference; lastKnownFileType = sourcecode.c.h; path = SMGPrefixHeader.pch; sourceTree = "<group>"; };
		08D322A81EBA28B0009D734A /* Foundation+Log.m */ = {isa = PBXFileReference; fileEncoding = 4; lastKnownFileType = sourcecode.c.objc; path = "Foundation+Log.m"; sourceTree = "<group>"; };
		08D7DA411ED149B4004B1018 /* AIHeader.h */ = {isa = PBXFileReference; fileEncoding = 4; lastKnownFileType = sourcecode.c.h; path = AIHeader.h; sourceTree = "<group>"; };
		08D7DA471ED149E8004B1018 /* AIObject.h */ = {isa = PBXFileReference; fileEncoding = 4; lastKnownFileType = sourcecode.c.h; path = AIObject.h; sourceTree = "<group>"; };
		08D7DA481ED149E8004B1018 /* AIObject.m */ = {isa = PBXFileReference; fileEncoding = 4; lastKnownFileType = sourcecode.c.objc; path = AIObject.m; sourceTree = "<group>"; };
		08D7DA4A1ED149F8004B1018 /* AIString.h */ = {isa = PBXFileReference; fileEncoding = 4; lastKnownFileType = sourcecode.c.h; path = AIString.h; sourceTree = "<group>"; };
		08D7DA4B1ED149F8004B1018 /* AIString.m */ = {isa = PBXFileReference; fileEncoding = 4; lastKnownFileType = sourcecode.c.objc; path = AIString.m; sourceTree = "<group>"; };
		08D7DA4D1ED14BC7004B1018 /* AIChar.h */ = {isa = PBXFileReference; fileEncoding = 4; lastKnownFileType = sourcecode.c.h; path = AIChar.h; sourceTree = "<group>"; };
		08D7DA4E1ED14BC7004B1018 /* AIChar.m */ = {isa = PBXFileReference; fileEncoding = 4; lastKnownFileType = sourcecode.c.objc; path = AIChar.m; sourceTree = "<group>"; };
		08DACE931EBD805C00FDC0B6 /* NSString+Extension.h */ = {isa = PBXFileReference; fileEncoding = 4; lastKnownFileType = sourcecode.c.h; path = "NSString+Extension.h"; sourceTree = "<group>"; };
		08DACE941EBD805C00FDC0B6 /* NSString+Extension.m */ = {isa = PBXFileReference; fileEncoding = 4; lastKnownFileType = sourcecode.c.objc; path = "NSString+Extension.m"; sourceTree = "<group>"; };
		08E3CCC81EE60F8D002990FD /* ThinkControl.h */ = {isa = PBXFileReference; fileEncoding = 4; lastKnownFileType = sourcecode.c.h; path = ThinkControl.h; sourceTree = "<group>"; };
		08E3CCC91EE60F8D002990FD /* ThinkControl.m */ = {isa = PBXFileReference; fileEncoding = 4; lastKnownFileType = sourcecode.c.objc; path = ThinkControl.m; sourceTree = "<group>"; };
		08E58DB61ED3CE18008B0D76 /* CharModel.h */ = {isa = PBXFileReference; fileEncoding = 4; lastKnownFileType = sourcecode.c.h; path = CharModel.h; sourceTree = "<group>"; };
		08E58DB71ED3CE18008B0D76 /* CharModel.m */ = {isa = PBXFileReference; fileEncoding = 4; lastKnownFileType = sourcecode.c.objc; path = CharModel.m; sourceTree = "<group>"; };
		08E58DB81ED3CE18008B0D76 /* CharStore.h */ = {isa = PBXFileReference; fileEncoding = 4; lastKnownFileType = sourcecode.c.h; path = CharStore.h; sourceTree = "<group>"; };
		08E58DB91ED3CE18008B0D76 /* CharStore.m */ = {isa = PBXFileReference; fileEncoding = 4; lastKnownFileType = sourcecode.c.objc; path = CharStore.m; sourceTree = "<group>"; };
		08E58DBB1ED3CE18008B0D76 /* ClassStore.h */ = {isa = PBXFileReference; fileEncoding = 4; lastKnownFileType = sourcecode.c.h; path = ClassStore.h; sourceTree = "<group>"; };
		08E58DBC1ED3CE18008B0D76 /* ClassStore.m */ = {isa = PBXFileReference; fileEncoding = 4; lastKnownFileType = sourcecode.c.objc; path = ClassStore.m; sourceTree = "<group>"; };
		08E58DBE1ED3CE18008B0D76 /* DoModel.h */ = {isa = PBXFileReference; fileEncoding = 4; lastKnownFileType = sourcecode.c.h; path = DoModel.h; sourceTree = "<group>"; };
		08E58DBF1ED3CE18008B0D76 /* DoModel.m */ = {isa = PBXFileReference; fileEncoding = 4; lastKnownFileType = sourcecode.c.objc; path = DoModel.m; sourceTree = "<group>"; };
		08E58DC01ED3CE18008B0D76 /* DoStore.h */ = {isa = PBXFileReference; fileEncoding = 4; lastKnownFileType = sourcecode.c.h; path = DoStore.h; sourceTree = "<group>"; };
		08E58DC11ED3CE18008B0D76 /* DoStore.m */ = {isa = PBXFileReference; fileEncoding = 4; lastKnownFileType = sourcecode.c.objc; path = DoStore.m; sourceTree = "<group>"; };
		08E58DC31ED3CE18008B0D76 /* ObjModel.h */ = {isa = PBXFileReference; fileEncoding = 4; lastKnownFileType = sourcecode.c.h; path = ObjModel.h; sourceTree = "<group>"; };
		08E58DC41ED3CE18008B0D76 /* ObjModel.m */ = {isa = PBXFileReference; fileEncoding = 4; lastKnownFileType = sourcecode.c.objc; path = ObjModel.m; sourceTree = "<group>"; };
		08E58DC51ED3CE18008B0D76 /* ObjStore.h */ = {isa = PBXFileReference; fileEncoding = 4; lastKnownFileType = sourcecode.c.h; path = ObjStore.h; sourceTree = "<group>"; };
		08E58DC61ED3CE18008B0D76 /* ObjStore.m */ = {isa = PBXFileReference; fileEncoding = 4; lastKnownFileType = sourcecode.c.objc; path = ObjStore.m; sourceTree = "<group>"; };
		08E58DC81ED3CE18008B0D76 /* TextModel.h */ = {isa = PBXFileReference; fileEncoding = 4; lastKnownFileType = sourcecode.c.h; path = TextModel.h; sourceTree = "<group>"; };
		08E58DC91ED3CE18008B0D76 /* TextModel.m */ = {isa = PBXFileReference; fileEncoding = 4; lastKnownFileType = sourcecode.c.objc; path = TextModel.m; sourceTree = "<group>"; };
		08E58DCA1ED3CE18008B0D76 /* TextStore.h */ = {isa = PBXFileReference; fileEncoding = 4; lastKnownFileType = sourcecode.c.h; path = TextStore.h; sourceTree = "<group>"; };
		08E58DCB1ED3CE18008B0D76 /* TextStore.m */ = {isa = PBXFileReference; fileEncoding = 4; lastKnownFileType = sourcecode.c.objc; path = TextStore.m; sourceTree = "<group>"; };
		08E58DCC1ED3CE18008B0D76 /* TextStoreUtils.h */ = {isa = PBXFileReference; fileEncoding = 4; lastKnownFileType = sourcecode.c.h; path = TextStoreUtils.h; sourceTree = "<group>"; };
		08E58DCD1ED3CE18008B0D76 /* TextStoreUtils.m */ = {isa = PBXFileReference; fileEncoding = 4; lastKnownFileType = sourcecode.c.objc; path = TextStoreUtils.m; sourceTree = "<group>"; };
		08E58DCF1ED3CE18008B0D76 /* MemModel.h */ = {isa = PBXFileReference; fileEncoding = 4; lastKnownFileType = sourcecode.c.h; path = MemModel.h; sourceTree = "<group>"; };
		08E58DD01ED3CE18008B0D76 /* MemModel.m */ = {isa = PBXFileReference; fileEncoding = 4; lastKnownFileType = sourcecode.c.objc; path = MemModel.m; sourceTree = "<group>"; };
		08E58DD11ED3CE18008B0D76 /* MemStore.h */ = {isa = PBXFileReference; fileEncoding = 4; lastKnownFileType = sourcecode.c.h; path = MemStore.h; sourceTree = "<group>"; };
		08E58DD21ED3CE18008B0D76 /* MemStore.m */ = {isa = PBXFileReference; fileEncoding = 4; lastKnownFileType = sourcecode.c.objc; path = MemStore.m; sourceTree = "<group>"; };
		08E58DD41ED3CE18008B0D76 /* LawModel.h */ = {isa = PBXFileReference; fileEncoding = 4; lastKnownFileType = sourcecode.c.h; path = LawModel.h; sourceTree = "<group>"; };
		08E58DD51ED3CE18008B0D76 /* LawModel.m */ = {isa = PBXFileReference; fileEncoding = 4; lastKnownFileType = sourcecode.c.objc; path = LawModel.m; sourceTree = "<group>"; };
		08E58DD61ED3CE18008B0D76 /* LawStore.h */ = {isa = PBXFileReference; fileEncoding = 4; lastKnownFileType = sourcecode.c.h; path = LawStore.h; sourceTree = "<group>"; };
		08E58DD71ED3CE18008B0D76 /* LawStore.m */ = {isa = PBXFileReference; fileEncoding = 4; lastKnownFileType = sourcecode.c.objc; path = LawStore.m; sourceTree = "<group>"; };
		08E58DD81ED3CE18008B0D76 /* LogicModel.h */ = {isa = PBXFileReference; fileEncoding = 4; lastKnownFileType = sourcecode.c.h; path = LogicModel.h; sourceTree = "<group>"; };
		08E58DD91ED3CE18008B0D76 /* LogicModel.m */ = {isa = PBXFileReference; fileEncoding = 4; lastKnownFileType = sourcecode.c.objc; path = LogicModel.m; sourceTree = "<group>"; };
		08E58DDA1ED3CE18008B0D76 /* LogicStore.h */ = {isa = PBXFileReference; fileEncoding = 4; lastKnownFileType = sourcecode.c.h; path = LogicStore.h; sourceTree = "<group>"; };
		08E58DDB1ED3CE18008B0D76 /* LogicStore.m */ = {isa = PBXFileReference; fileEncoding = 4; lastKnownFileType = sourcecode.c.objc; path = LogicStore.m; sourceTree = "<group>"; };
		08E99C461EBDD1C800A38FF5 /* MindControl.h */ = {isa = PBXFileReference; fileEncoding = 4; lastKnownFileType = sourcecode.c.h; path = MindControl.h; sourceTree = "<group>"; };
		08E99C471EBDD1C800A38FF5 /* MindControl.m */ = {isa = PBXFileReference; fileEncoding = 4; lastKnownFileType = sourcecode.c.objc; path = MindControl.m; sourceTree = "<group>"; };
		08F140C91ED7B4BD00E3B4D0 /* AIPointer.h */ = {isa = PBXFileReference; fileEncoding = 4; lastKnownFileType = sourcecode.c.h; path = AIPointer.h; sourceTree = "<group>"; };
		08F140CA1ED7B4BD00E3B4D0 /* AIPointer.m */ = {isa = PBXFileReference; fileEncoding = 4; lastKnownFileType = sourcecode.c.objc; path = AIPointer.m; sourceTree = "<group>"; };
		08F140D11ED7C35C00E3B4D0 /* AILaw.h */ = {isa = PBXFileReference; fileEncoding = 4; lastKnownFileType = sourcecode.c.h; path = AILaw.h; sourceTree = "<group>"; };
		08F140D21ED7C35C00E3B4D0 /* AILaw.m */ = {isa = PBXFileReference; fileEncoding = 4; lastKnownFileType = sourcecode.c.objc; path = AILaw.m; sourceTree = "<group>"; };
		08F140D31ED7C35C00E3B4D0 /* AILogic.h */ = {isa = PBXFileReference; fileEncoding = 4; lastKnownFileType = sourcecode.c.h; path = AILogic.h; sourceTree = "<group>"; };
		08F140D41ED7C35C00E3B4D0 /* AILogic.m */ = {isa = PBXFileReference; fileEncoding = 4; lastKnownFileType = sourcecode.c.objc; path = AILogic.m; sourceTree = "<group>"; };
		08F140D81ED7C3BB00E3B4D0 /* AIValue.h */ = {isa = PBXFileReference; fileEncoding = 4; lastKnownFileType = sourcecode.c.h; path = AIValue.h; sourceTree = "<group>"; };
		08F140D91ED7C3BB00E3B4D0 /* AIValue.m */ = {isa = PBXFileReference; fileEncoding = 4; lastKnownFileType = sourcecode.c.objc; path = AIValue.m; sourceTree = "<group>"; };
		08F140DB1ED7C49C00E3B4D0 /* AIDo.h */ = {isa = PBXFileReference; fileEncoding = 4; lastKnownFileType = sourcecode.c.h; path = AIDo.h; sourceTree = "<group>"; };
		08F140DC1ED7C49C00E3B4D0 /* AIDo.m */ = {isa = PBXFileReference; fileEncoding = 4; lastKnownFileType = sourcecode.c.objc; path = AIDo.m; sourceTree = "<group>"; };
		08F140DE1ED7C4C400E3B4D0 /* AIObj.h */ = {isa = PBXFileReference; fileEncoding = 4; lastKnownFileType = sourcecode.c.h; path = AIObj.h; sourceTree = "<group>"; };
		08F140DF1ED7C4C400E3B4D0 /* AIObj.m */ = {isa = PBXFileReference; fileEncoding = 4; lastKnownFileType = sourcecode.c.objc; path = AIObj.m; sourceTree = "<group>"; };
		08F140E11ED7C50500E3B4D0 /* AIMemory.h */ = {isa = PBXFileReference; fileEncoding = 4; lastKnownFileType = sourcecode.c.h; path = AIMemory.h; sourceTree = "<group>"; };
		08F140E21ED7C50500E3B4D0 /* AIMemory.m */ = {isa = PBXFileReference; fileEncoding = 4; lastKnownFileType = sourcecode.c.objc; path = AIMemory.m; sourceTree = "<group>"; };
		08F3AFAD1E988E2A00747EDD /* MindEnum.h */ = {isa = PBXFileReference; fileEncoding = 4; lastKnownFileType = sourcecode.c.h; path = MindEnum.h; sourceTree = "<group>"; };
		08F3AFB01E98929C00747EDD /* MindUtils.h */ = {isa = PBXFileReference; fileEncoding = 4; lastKnownFileType = sourcecode.c.h; path = MindUtils.h; sourceTree = "<group>"; };
		08F3AFB11E98929C00747EDD /* MindUtils.m */ = {isa = PBXFileReference; fileEncoding = 4; lastKnownFileType = sourcecode.c.objc; path = MindUtils.m; sourceTree = "<group>"; };
		08F3AFB61E98963600747EDD /* SMG.h */ = {isa = PBXFileReference; fileEncoding = 4; lastKnownFileType = sourcecode.c.h; path = SMG.h; sourceTree = "<group>"; };
		08F3AFB71E98963600747EDD /* SMG.m */ = {isa = PBXFileReference; fileEncoding = 4; lastKnownFileType = sourcecode.c.objc; path = SMG.m; sourceTree = "<group>"; };
		08F3AFB91E98966E00747EDD /* Store.h */ = {isa = PBXFileReference; fileEncoding = 4; lastKnownFileType = sourcecode.c.h; path = Store.h; sourceTree = "<group>"; };
		08F3AFBA1E98966E00747EDD /* Store.m */ = {isa = PBXFileReference; fileEncoding = 4; lastKnownFileType = sourcecode.c.objc; path = Store.m; sourceTree = "<group>"; };
		08F3AFBC1E989B8F00747EDD /* MindHeader.h */ = {isa = PBXFileReference; lastKnownFileType = sourcecode.c.h; path = MindHeader.h; sourceTree = "<group>"; };
		08F3AFCD1E98B12A00747EDD /* SMGHeader.h */ = {isa = PBXFileReference; fileEncoding = 4; lastKnownFileType = sourcecode.c.h; name = SMGHeader.h; path = Extension/SMGHeader.h; sourceTree = "<group>"; };
		08F3AFD01E98B13B00747EDD /* SMGEnum.h */ = {isa = PBXFileReference; lastKnownFileType = sourcecode.c.h; path = SMGEnum.h; sourceTree = "<group>"; };
		08F3AFD21E98B63200747EDD /* StoreHeader.h */ = {isa = PBXFileReference; lastKnownFileType = sourcecode.c.h; path = StoreHeader.h; sourceTree = "<group>"; };
		08F4C98C1EA7A03900F3EDA8 /* SMGUtils.h */ = {isa = PBXFileReference; fileEncoding = 4; lastKnownFileType = sourcecode.c.h; path = SMGUtils.h; sourceTree = "<group>"; };
		08F4C98D1EA7A03900F3EDA8 /* SMGUtils.m */ = {isa = PBXFileReference; fileEncoding = 4; lastKnownFileType = sourcecode.c.objc; path = SMGUtils.m; sourceTree = "<group>"; };
		08F639811E9A2EC0003CD163 /* FeelValueModel.h */ = {isa = PBXFileReference; fileEncoding = 4; lastKnownFileType = sourcecode.c.h; path = FeelValueModel.h; sourceTree = "<group>"; };
		08F639821E9A2EC0003CD163 /* FeelValueModel.m */ = {isa = PBXFileReference; fileEncoding = 4; lastKnownFileType = sourcecode.c.objc; path = FeelValueModel.m; sourceTree = "<group>"; };
		08F639871E9A2FF4003CD163 /* Feel.h */ = {isa = PBXFileReference; fileEncoding = 4; lastKnownFileType = sourcecode.c.h; path = Feel.h; sourceTree = "<group>"; };
		08F639881E9A2FF4003CD163 /* Feel.m */ = {isa = PBXFileReference; fileEncoding = 4; lastKnownFileType = sourcecode.c.objc; path = Feel.m; sourceTree = "<group>"; };
		08F6398A1E9A3316003CD163 /* FeelHeader.h */ = {isa = PBXFileReference; lastKnownFileType = sourcecode.c.h; path = FeelHeader.h; sourceTree = "<group>"; };
		08F6398B1E9A3326003CD163 /* FeelEnum.h */ = {isa = PBXFileReference; lastKnownFileType = sourcecode.c.h; path = FeelEnum.h; sourceTree = "<group>"; };
		08F7823E1ED91290004884BE /* Decision.h */ = {isa = PBXFileReference; fileEncoding = 4; lastKnownFileType = sourcecode.c.h; path = Decision.h; sourceTree = "<group>"; };
		08F7823F1ED91290004884BE /* Decision.m */ = {isa = PBXFileReference; fileEncoding = 4; lastKnownFileType = sourcecode.c.objc; path = Decision.m; sourceTree = "<group>"; };
		08FBB9001EE76E78000F9E80 /* Hobby.h */ = {isa = PBXFileReference; fileEncoding = 4; lastKnownFileType = sourcecode.c.h; path = Hobby.h; sourceTree = "<group>"; };
		08FBB9011EE76E78000F9E80 /* Hobby.m */ = {isa = PBXFileReference; fileEncoding = 4; lastKnownFileType = sourcecode.c.objc; path = Hobby.m; sourceTree = "<group>"; };
		08FBB9021EE76E78000F9E80 /* HobbyModel.h */ = {isa = PBXFileReference; fileEncoding = 4; lastKnownFileType = sourcecode.c.h; path = HobbyModel.h; sourceTree = "<group>"; };
		08FBB9031EE76E78000F9E80 /* HobbyModel.m */ = {isa = PBXFileReference; fileEncoding = 4; lastKnownFileType = sourcecode.c.objc; path = HobbyModel.m; sourceTree = "<group>"; };
		08FBB9041EE76E78000F9E80 /* Mine.h */ = {isa = PBXFileReference; fileEncoding = 4; lastKnownFileType = sourcecode.c.h; path = Mine.h; sourceTree = "<group>"; };
		08FBB9051EE76E78000F9E80 /* Mine.m */ = {isa = PBXFileReference; fileEncoding = 4; lastKnownFileType = sourcecode.c.objc; path = Mine.m; sourceTree = "<group>"; };
		08FBB9061EE76E78000F9E80 /* Mood.h */ = {isa = PBXFileReference; fileEncoding = 4; lastKnownFileType = sourcecode.c.h; path = Mood.h; sourceTree = "<group>"; };
		08FBB9071EE76E78000F9E80 /* Mood.m */ = {isa = PBXFileReference; fileEncoding = 4; lastKnownFileType = sourcecode.c.objc; path = Mood.m; sourceTree = "<group>"; };
		08FBB90C1EE76E9D000F9E80 /* Hunger.h */ = {isa = PBXFileReference; fileEncoding = 4; lastKnownFileType = sourcecode.c.h; path = Hunger.h; sourceTree = "<group>"; };
		08FBB90D1EE76E9D000F9E80 /* Hunger.m */ = {isa = PBXFileReference; fileEncoding = 4; lastKnownFileType = sourcecode.c.objc; path = Hunger.m; sourceTree = "<group>"; };
		08FBB90F1EE77FF9000F9E80 /* MindStrategy.h */ = {isa = PBXFileReference; fileEncoding = 4; lastKnownFileType = sourcecode.c.h; path = MindStrategy.h; sourceTree = "<group>"; };
		08FBB9101EE77FF9000F9E80 /* MindStrategy.m */ = {isa = PBXFileReference; fileEncoding = 4; lastKnownFileType = sourcecode.c.objc; path = MindStrategy.m; sourceTree = "<group>"; };
		08FDCE8C1EAA4A8E00882ADC /* SMGRange.h */ = {isa = PBXFileReference; fileEncoding = 4; lastKnownFileType = sourcecode.c.h; path = SMGRange.h; sourceTree = "<group>"; };
		08FDCE8D1EAA4A8E00882ADC /* SMGRange.m */ = {isa = PBXFileReference; fileEncoding = 4; lastKnownFileType = sourcecode.c.objc; path = SMGRange.m; sourceTree = "<group>"; };
		DE79539824FEDBA53557ECCA /* Pods-SMG_NothingIsAll.release.xcconfig */ = {isa = PBXFileReference; includeInIndex = 1; lastKnownFileType = text.xcconfig; name = "Pods-SMG_NothingIsAll.release.xcconfig"; path = "Pods/Target Support Files/Pods-SMG_NothingIsAll/Pods-SMG_NothingIsAll.release.xcconfig"; sourceTree = "<group>"; };
		DFBD58BA1D49147BC1DBA697 /* libPods-SMG_NothingIsAll.a */ = {isa = PBXFileReference; explicitFileType = archive.ar; includeInIndex = 0; path = "libPods-SMG_NothingIsAll.a"; sourceTree = BUILT_PRODUCTS_DIR; };
		E74E5256A45FDF9C80A280FD /* Pods-SMG_NothingIsAll.debug.xcconfig */ = {isa = PBXFileReference; includeInIndex = 1; lastKnownFileType = text.xcconfig; name = "Pods-SMG_NothingIsAll.debug.xcconfig"; path = "Pods/Target Support Files/Pods-SMG_NothingIsAll/Pods-SMG_NothingIsAll.debug.xcconfig"; sourceTree = "<group>"; };
/* End PBXFileReference section */

/* Begin PBXFrameworksBuildPhase section */
		08AF45421E97D0B500377887 /* Frameworks */ = {
			isa = PBXFrameworksBuildPhase;
			buildActionMask = 2147483647;
			files = (
				2753D7CF7BAEDFEACAF9264A /* libPods-SMG_NothingIsAll.a in Frameworks */,
			);
			runOnlyForDeploymentPostprocessing = 0;
		};
/* End PBXFrameworksBuildPhase section */

/* Begin PBXGroup section */
		0813D63A1EDF71AF0089FA0C /* Text */ = {
			isa = PBXGroup;
			children = (
				0813D63C1EDF729F0089FA0C /* FeelTextUtils.h */,
				0813D63D1EDF729F0089FA0C /* FeelTextUtils.m */,
			);
			path = Text;
			sourceTree = "<group>";
		};
		082F9D581EB236AC0009F6A9 /* Demo */ = {
			isa = PBXGroup;
			children = (
				082F9D591EB236AC0009F6A9 /* StudyViewController.h */,
				082F9D5A1EB236AC0009F6A9 /* StudyViewController.m */,
				082F9D5B1EB236AC0009F6A9 /* StudyViewController.xib */,
				082F9D5E1EB236E80009F6A9 /* SMGOutputDelegate.h */,
				082F9D5F1EB236E80009F6A9 /* SMGOutputDelegate.m */,
				0895DAE31EB2D52D00E2B5C7 /* DataViewController.h */,
				0895DAE41EB2D52D00E2B5C7 /* DataViewController.m */,
				0895DAE51EB2D52D00E2B5C7 /* DataViewController.xib */,
				0895DAE81EB2D7EB00E2B5C7 /* DataCell.h */,
				0895DAE91EB2D7EB00E2B5C7 /* DataCell.m */,
				0895DAEA1EB2D7EB00E2B5C7 /* DataCell.xib */,
				0895DAED1EB2DCBD00E2B5C7 /* AppEnum.h */,
				08D322A71EBA2783009D734A /* SMGPrefixHeader.pch */,
				08D322A81EBA28B0009D734A /* Foundation+Log.m */,
			);
			path = Demo;
			sourceTree = "<group>";
		};
		087753171ECFE1C400E7AD09 /* Think */ = {
			isa = PBXGroup;
			children = (
				08E3CCC81EE60F8D002990FD /* ThinkControl.h */,
				08E3CCC91EE60F8D002990FD /* ThinkControl.m */,
				080D059B1EE0E18E00DC62B5 /* ThinkHeader.h */,
				08F7823D1ED91282004884BE /* Decision */,
				08E58DB31ED3CE18008B0D76 /* Store */,
				087753181ECFE1C400E7AD09 /* Understand */,
			);
			path = Think;
			sourceTree = "<group>";
		};
		087753181ECFE1C400E7AD09 /* Understand */ = {
			isa = PBXGroup;
			children = (
				0877531D1ECFE1C400E7AD09 /* Understand.h */,
				0877531E1ECFE1C400E7AD09 /* Understand.m */,
				087753201ECFE1C400E7AD09 /* UnderstandUtils.h */,
				087753211ECFE1C400E7AD09 /* UnderstandUtils.m */,
			);
			path = Understand;
			sourceTree = "<group>";
		};
		089D35991EE2BA9200AA6622 /* Demand */ = {
			isa = PBXGroup;
			children = (
				089D359A1EE2BA9200AA6622 /* DemandFactory.h */,
				089D359B1EE2BA9200AA6622 /* DemandFactory.m */,
				089D359C1EE2BA9200AA6622 /* DemandModel.h */,
				089D359D1EE2BA9200AA6622 /* DemandModel.m */,
			);
			path = Demand;
			sourceTree = "<group>";
		};
		08AF453C1E97D0B500377887 = {
			isa = PBXGroup;
			children = (
				08AF45471E97D0B500377887 /* SMG_NothingIsAll */,
				08AF45461E97D0B500377887 /* Products */,
				C2C394C172413FE5FD49262C /* Pods */,
				207E0C8ABC4501E50CC5D363 /* Frameworks */,
			);
			sourceTree = "<group>";
		};
		08AF45461E97D0B500377887 /* Products */ = {
			isa = PBXGroup;
			children = (
				08AF45451E97D0B500377887 /* SMG_NothingIsAll.app */,
			);
			name = Products;
			sourceTree = "<group>";
		};
		08AF45471E97D0B500377887 /* SMG_NothingIsAll */ = {
			isa = PBXGroup;
			children = (
				082F9D581EB236AC0009F6A9 /* Demo */,
				08AF455F1E97D43C00377887 /* Class */,
				08AF454B1E97D0B500377887 /* AppDelegate.h */,
				08AF454C1E97D0B500377887 /* AppDelegate.m */,
				08AF45541E97D0B500377887 /* Assets.xcassets */,
				08AF45561E97D0B500377887 /* LaunchScreen.storyboard */,
				08AF45591E97D0B500377887 /* Info.plist */,
				08AF45481E97D0B500377887 /* Supporting Files */,
			);
			path = SMG_NothingIsAll;
			sourceTree = "<group>";
		};
		08AF45481E97D0B500377887 /* Supporting Files */ = {
			isa = PBXGroup;
			children = (
				08AF45491E97D0B500377887 /* main.m */,
			);
			name = "Supporting Files";
			sourceTree = "<group>";
		};
		08AF455F1E97D43C00377887 /* Class */ = {
			isa = PBXGroup;
			children = (
				08D7DA401ED1499C004B1018 /* AIFoundation */,
				08C84A8F1E9A86B900897D8B /* Output */,
				08C84A8A1E9A85A600897D8B /* Input */,
				08F639801E9A2DCE003CD163 /* Feel */,
				087753171ECFE1C400E7AD09 /* Think */,
				08F3AFC11E98A13200747EDD /* Extension */,
				08F3AF991E98883C00747EDD /* Mind */,
				08AF45681E97D80C00377887 /* Store */,
				08F3AFB61E98963600747EDD /* SMG.h */,
				08F3AFB71E98963600747EDD /* SMG.m */,
				08F3AFCD1E98B12A00747EDD /* SMGHeader.h */,
				08F4C98C1EA7A03900F3EDA8 /* SMGUtils.h */,
				08F4C98D1EA7A03900F3EDA8 /* SMGUtils.m */,
			);
			path = Class;
			sourceTree = "<group>";
		};
		08AF45681E97D80C00377887 /* Store */ = {
			isa = PBXGroup;
			children = (
				08AF456C1E97DDF600377887 /* MKStore.h */,
				08AF456D1E97DDF600377887 /* MKStore.m */,
				08F3AFB91E98966E00747EDD /* Store.h */,
				08F3AFBA1E98966E00747EDD /* Store.m */,
				08F3AFD21E98B63200747EDD /* StoreHeader.h */,
			);
			path = Store;
			sourceTree = "<group>";
		};
		08C84A8A1E9A85A600897D8B /* Input */ = {
			isa = PBXGroup;
			children = (
				0813D6421EDF7B150089FA0C /* InputAudioModel.h */,
				0813D6431EDF7B150089FA0C /* InputAudioModel.m */,
				0813D6441EDF7B150089FA0C /* InputDoModel.h */,
				0813D6451EDF7B150089FA0C /* InputDoModel.m */,
				0813D6461EDF7B150089FA0C /* InputModelBase.h */,
				0813D6471EDF7B150089FA0C /* InputModelBase.m */,
				0813D6481EDF7B150089FA0C /* InputObjModel.h */,
				0813D6491EDF7B150089FA0C /* InputObjModel.m */,
				0813D64A1EDF7B150089FA0C /* InputTextModel.h */,
				0813D64B1EDF7B150089FA0C /* InputTextModel.m */,
				08C84A8B1E9A861900897D8B /* InputHeader.h */,
				08C84A8C1E9A866200897D8B /* Input.h */,
				08C84A8D1E9A866200897D8B /* Input.m */,
			);
			path = Input;
			sourceTree = "<group>";
		};
		08C84A8F1E9A86B900897D8B /* Output */ = {
			isa = PBXGroup;
			children = (
				082F9D541EB234750009F6A9 /* Output.h */,
				082F9D551EB234750009F6A9 /* Output.m */,
				082F9D571EB235F30009F6A9 /* OutputDelegate.h */,
				082F9D611EB236FA0009F6A9 /* OutputHeader.h */,
			);
			path = Output;
			sourceTree = "<group>";
		};
		08D7DA401ED1499C004B1018 /* AIFoundation */ = {
			isa = PBXGroup;
			children = (
				08F140D71ED7C37A00E3B4D0 /* Memory */,
				08F140CF1ED7C35C00E3B4D0 /* MappingKnowledge */,
				08F140D01ED7C35C00E3B4D0 /* Understand */,
				08D7DA411ED149B4004B1018 /* AIHeader.h */,
				08F140C91ED7B4BD00E3B4D0 /* AIPointer.h */,
				08F140CA1ED7B4BD00E3B4D0 /* AIPointer.m */,
				08D7DA471ED149E8004B1018 /* AIObject.h */,
				08D7DA481ED149E8004B1018 /* AIObject.m */,
				08D7DA4A1ED149F8004B1018 /* AIString.h */,
				08D7DA4B1ED149F8004B1018 /* AIString.m */,
				08D7DA4D1ED14BC7004B1018 /* AIChar.h */,
				08D7DA4E1ED14BC7004B1018 /* AIChar.m */,
				081DA1391ED47CE000C8C531 /* AIArray.h */,
				081DA13A1ED47CE000C8C531 /* AIArray.m */,
			);
			path = AIFoundation;
			sourceTree = "<group>";
		};
		08E58DB31ED3CE18008B0D76 /* Store */ = {
			isa = PBXGroup;
			children = (
				08E58DB41ED3CE18008B0D76 /* MappingKnowledge */,
				08E58DCE1ED3CE18008B0D76 /* Memory */,
				08E58DD31ED3CE18008B0D76 /* Understand */,
			);
			path = Store;
			sourceTree = "<group>";
		};
		08E58DB41ED3CE18008B0D76 /* MappingKnowledge */ = {
			isa = PBXGroup;
			children = (
				08E58DB51ED3CE18008B0D76 /* CharStore */,
				08E58DBA1ED3CE18008B0D76 /* ClassStore */,
				08E58DBD1ED3CE18008B0D76 /* DoStore */,
				08E58DC21ED3CE18008B0D76 /* ObjStore */,
				08E58DC71ED3CE18008B0D76 /* TextStore */,
			);
			path = MappingKnowledge;
			sourceTree = "<group>";
		};
		08E58DB51ED3CE18008B0D76 /* CharStore */ = {
			isa = PBXGroup;
			children = (
				08E58DB61ED3CE18008B0D76 /* CharModel.h */,
				08E58DB71ED3CE18008B0D76 /* CharModel.m */,
				08E58DB81ED3CE18008B0D76 /* CharStore.h */,
				08E58DB91ED3CE18008B0D76 /* CharStore.m */,
			);
			path = CharStore;
			sourceTree = "<group>";
		};
		08E58DBA1ED3CE18008B0D76 /* ClassStore */ = {
			isa = PBXGroup;
			children = (
				08E58DBB1ED3CE18008B0D76 /* ClassStore.h */,
				08E58DBC1ED3CE18008B0D76 /* ClassStore.m */,
			);
			path = ClassStore;
			sourceTree = "<group>";
		};
		08E58DBD1ED3CE18008B0D76 /* DoStore */ = {
			isa = PBXGroup;
			children = (
				08E58DBE1ED3CE18008B0D76 /* DoModel.h */,
				08E58DBF1ED3CE18008B0D76 /* DoModel.m */,
				08E58DC01ED3CE18008B0D76 /* DoStore.h */,
				08E58DC11ED3CE18008B0D76 /* DoStore.m */,
			);
			path = DoStore;
			sourceTree = "<group>";
		};
		08E58DC21ED3CE18008B0D76 /* ObjStore */ = {
			isa = PBXGroup;
			children = (
				08E58DC31ED3CE18008B0D76 /* ObjModel.h */,
				08E58DC41ED3CE18008B0D76 /* ObjModel.m */,
				08E58DC51ED3CE18008B0D76 /* ObjStore.h */,
				08E58DC61ED3CE18008B0D76 /* ObjStore.m */,
			);
			path = ObjStore;
			sourceTree = "<group>";
		};
		08E58DC71ED3CE18008B0D76 /* TextStore */ = {
			isa = PBXGroup;
			children = (
				08E58DC81ED3CE18008B0D76 /* TextModel.h */,
				08E58DC91ED3CE18008B0D76 /* TextModel.m */,
				08E58DCA1ED3CE18008B0D76 /* TextStore.h */,
				08E58DCB1ED3CE18008B0D76 /* TextStore.m */,
				08E58DCC1ED3CE18008B0D76 /* TextStoreUtils.h */,
				08E58DCD1ED3CE18008B0D76 /* TextStoreUtils.m */,
			);
			path = TextStore;
			sourceTree = "<group>";
		};
		08E58DCE1ED3CE18008B0D76 /* Memory */ = {
			isa = PBXGroup;
			children = (
				08E58DCF1ED3CE18008B0D76 /* MemModel.h */,
				08E58DD01ED3CE18008B0D76 /* MemModel.m */,
				08E58DD11ED3CE18008B0D76 /* MemStore.h */,
				08E58DD21ED3CE18008B0D76 /* MemStore.m */,
			);
			path = Memory;
			sourceTree = "<group>";
		};
		08E58DD31ED3CE18008B0D76 /* Understand */ = {
			isa = PBXGroup;
			children = (
				08E58DD41ED3CE18008B0D76 /* LawModel.h */,
				08E58DD51ED3CE18008B0D76 /* LawModel.m */,
				08E58DD61ED3CE18008B0D76 /* LawStore.h */,
				08E58DD71ED3CE18008B0D76 /* LawStore.m */,
				08E58DD81ED3CE18008B0D76 /* LogicModel.h */,
				08E58DD91ED3CE18008B0D76 /* LogicModel.m */,
				08E58DDA1ED3CE18008B0D76 /* LogicStore.h */,
				08E58DDB1ED3CE18008B0D76 /* LogicStore.m */,
			);
			path = Understand;
			sourceTree = "<group>";
		};
		08F140CF1ED7C35C00E3B4D0 /* MappingKnowledge */ = {
			isa = PBXGroup;
			children = (
				08F140DB1ED7C49C00E3B4D0 /* AIDo.h */,
				08F140DC1ED7C49C00E3B4D0 /* AIDo.m */,
				08F140DE1ED7C4C400E3B4D0 /* AIObj.h */,
				08F140DF1ED7C4C400E3B4D0 /* AIObj.m */,
			);
			path = MappingKnowledge;
			sourceTree = "<group>";
		};
		08F140D01ED7C35C00E3B4D0 /* Understand */ = {
			isa = PBXGroup;
			children = (
				08F140D11ED7C35C00E3B4D0 /* AILaw.h */,
				08F140D21ED7C35C00E3B4D0 /* AILaw.m */,
				08F140D31ED7C35C00E3B4D0 /* AILogic.h */,
				08F140D41ED7C35C00E3B4D0 /* AILogic.m */,
				08F140D81ED7C3BB00E3B4D0 /* AIValue.h */,
				08F140D91ED7C3BB00E3B4D0 /* AIValue.m */,
			);
			path = Understand;
			sourceTree = "<group>";
		};
		08F140D71ED7C37A00E3B4D0 /* Memory */ = {
			isa = PBXGroup;
			children = (
				08F140E11ED7C50500E3B4D0 /* AIMemory.h */,
				08F140E21ED7C50500E3B4D0 /* AIMemory.m */,
			);
			path = Memory;
			sourceTree = "<group>";
		};
		08F3AF991E98883C00747EDD /* Mind */ = {
			isa = PBXGroup;
			children = (
				08FBB8FF1EE76E78000F9E80 /* Mine */,
				089D35991EE2BA9200AA6622 /* Demand */,
				08F3AFAD1E988E2A00747EDD /* MindEnum.h */,
				08F3AFB01E98929C00747EDD /* MindUtils.h */,
				08F3AFB11E98929C00747EDD /* MindUtils.m */,
				08F3AFBC1E989B8F00747EDD /* MindHeader.h */,
				08E99C461EBDD1C800A38FF5 /* MindControl.h */,
				08E99C471EBDD1C800A38FF5 /* MindControl.m */,
			);
			path = Mind;
			sourceTree = "<group>";
		};
		08F3AFC11E98A13200747EDD /* Extension */ = {
			isa = PBXGroup;
			children = (
				0831CF5C1EBEF20500C020E6 /* DBUtils.h */,
				0831CF5D1EBEF20500C020E6 /* DBUtils.m */,
				08F3AFD01E98B13B00747EDD /* SMGEnum.h */,
				08FDCE8C1EAA4A8E00882ADC /* SMGRange.h */,
				08FDCE8D1EAA4A8E00882ADC /* SMGRange.m */,
				08DACE931EBD805C00FDC0B6 /* NSString+Extension.h */,
				08DACE941EBD805C00FDC0B6 /* NSString+Extension.m */,
			);
			path = Extension;
			sourceTree = "<group>";
		};
		08F639801E9A2DCE003CD163 /* Feel */ = {
			isa = PBXGroup;
			children = (
				0813D63A1EDF71AF0089FA0C /* Text */,
				08F639811E9A2EC0003CD163 /* FeelValueModel.h */,
				08F639821E9A2EC0003CD163 /* FeelValueModel.m */,
				08F639871E9A2FF4003CD163 /* Feel.h */,
				08F639881E9A2FF4003CD163 /* Feel.m */,
				08F6398A1E9A3316003CD163 /* FeelHeader.h */,
				08F6398B1E9A3326003CD163 /* FeelEnum.h */,
			);
			path = Feel;
			sourceTree = "<group>";
		};
		08F7823D1ED91282004884BE /* Decision */ = {
			isa = PBXGroup;
			children = (
				08F7823E1ED91290004884BE /* Decision.h */,
				08F7823F1ED91290004884BE /* Decision.m */,
			);
			path = Decision;
			sourceTree = "<group>";
		};
		08FBB8FF1EE76E78000F9E80 /* Mine */ = {
			isa = PBXGroup;
			children = (
				08FBB9041EE76E78000F9E80 /* Mine.h */,
				08FBB9051EE76E78000F9E80 /* Mine.m */,
				08FBB9001EE76E78000F9E80 /* Hobby.h */,
				08FBB9011EE76E78000F9E80 /* Hobby.m */,
				08FBB9021EE76E78000F9E80 /* HobbyModel.h */,
				08FBB9031EE76E78000F9E80 /* HobbyModel.m */,
				08FBB9061EE76E78000F9E80 /* Mood.h */,
				08FBB9071EE76E78000F9E80 /* Mood.m */,
				08FBB90C1EE76E9D000F9E80 /* Hunger.h */,
				08FBB90D1EE76E9D000F9E80 /* Hunger.m */,
				08FBB90F1EE77FF9000F9E80 /* MindStrategy.h */,
				08FBB9101EE77FF9000F9E80 /* MindStrategy.m */,
			);
			path = Mine;
			sourceTree = "<group>";
		};
		207E0C8ABC4501E50CC5D363 /* Frameworks */ = {
			isa = PBXGroup;
			children = (
				DFBD58BA1D49147BC1DBA697 /* libPods-SMG_NothingIsAll.a */,
			);
			name = Frameworks;
			sourceTree = "<group>";
		};
		C2C394C172413FE5FD49262C /* Pods */ = {
			isa = PBXGroup;
			children = (
				E74E5256A45FDF9C80A280FD /* Pods-SMG_NothingIsAll.debug.xcconfig */,
				DE79539824FEDBA53557ECCA /* Pods-SMG_NothingIsAll.release.xcconfig */,
			);
			name = Pods;
			sourceTree = "<group>";
		};
/* End PBXGroup section */

/* Begin PBXNativeTarget section */
		08AF45441E97D0B500377887 /* SMG_NothingIsAll */ = {
			isa = PBXNativeTarget;
			buildConfigurationList = 08AF455C1E97D0B500377887 /* Build configuration list for PBXNativeTarget "SMG_NothingIsAll" */;
			buildPhases = (
				695B8C085D8E79B46D107142 /* [CP] Check Pods Manifest.lock */,
				08AF45411E97D0B500377887 /* Sources */,
				08AF45421E97D0B500377887 /* Frameworks */,
				08AF45431E97D0B500377887 /* Resources */,
				A3A068A1F85BECB7B75D5186 /* [CP] Embed Pods Frameworks */,
				9F7152650ADCE3A7B7E7624F /* [CP] Copy Pods Resources */,
			);
			buildRules = (
			);
			dependencies = (
			);
			name = SMG_NothingIsAll;
			productName = SMG_NothingIsAll;
			productReference = 08AF45451E97D0B500377887 /* SMG_NothingIsAll.app */;
			productType = "com.apple.product-type.application";
		};
/* End PBXNativeTarget section */

/* Begin PBXProject section */
		08AF453D1E97D0B500377887 /* Project object */ = {
			isa = PBXProject;
			attributes = {
				LastUpgradeCheck = 0830;
				ORGANIZATIONNAME = XiaoGang;
				TargetAttributes = {
					08AF45441E97D0B500377887 = {
						CreatedOnToolsVersion = 8.3;
						DevelopmentTeam = JFKVVV67KW;
						ProvisioningStyle = Automatic;
					};
				};
			};
			buildConfigurationList = 08AF45401E97D0B500377887 /* Build configuration list for PBXProject "SMG_NothingIsAll" */;
			compatibilityVersion = "Xcode 3.2";
			developmentRegion = English;
			hasScannedForEncodings = 0;
			knownRegions = (
				en,
				Base,
			);
			mainGroup = 08AF453C1E97D0B500377887;
			productRefGroup = 08AF45461E97D0B500377887 /* Products */;
			projectDirPath = "";
			projectRoot = "";
			targets = (
				08AF45441E97D0B500377887 /* SMG_NothingIsAll */,
			);
		};
/* End PBXProject section */

/* Begin PBXResourcesBuildPhase section */
		08AF45431E97D0B500377887 /* Resources */ = {
			isa = PBXResourcesBuildPhase;
			buildActionMask = 2147483647;
			files = (
				0895DAE71EB2D52D00E2B5C7 /* DataViewController.xib in Resources */,
				082F9D5D1EB236AC0009F6A9 /* StudyViewController.xib in Resources */,
				08AF45581E97D0B500377887 /* LaunchScreen.storyboard in Resources */,
				0895DAEC1EB2D7EB00E2B5C7 /* DataCell.xib in Resources */,
				08AF45551E97D0B500377887 /* Assets.xcassets in Resources */,
			);
			runOnlyForDeploymentPostprocessing = 0;
		};
/* End PBXResourcesBuildPhase section */

/* Begin PBXShellScriptBuildPhase section */
		695B8C085D8E79B46D107142 /* [CP] Check Pods Manifest.lock */ = {
			isa = PBXShellScriptBuildPhase;
			buildActionMask = 2147483647;
			files = (
			);
			inputPaths = (
			);
			name = "[CP] Check Pods Manifest.lock";
			outputPaths = (
			);
			runOnlyForDeploymentPostprocessing = 0;
			shellPath = /bin/sh;
			shellScript = "diff \"${PODS_ROOT}/../Podfile.lock\" \"${PODS_ROOT}/Manifest.lock\" > /dev/null\nif [ $? != 0 ] ; then\n    # print error to STDERR\n    echo \"error: The sandbox is not in sync with the Podfile.lock. Run 'pod install' or update your CocoaPods installation.\" >&2\n    exit 1\nfi\n";
			showEnvVarsInLog = 0;
		};
		9F7152650ADCE3A7B7E7624F /* [CP] Copy Pods Resources */ = {
			isa = PBXShellScriptBuildPhase;
			buildActionMask = 2147483647;
			files = (
			);
			inputPaths = (
			);
			name = "[CP] Copy Pods Resources";
			outputPaths = (
			);
			runOnlyForDeploymentPostprocessing = 0;
			shellPath = /bin/sh;
			shellScript = "\"${SRCROOT}/Pods/Target Support Files/Pods-SMG_NothingIsAll/Pods-SMG_NothingIsAll-resources.sh\"\n";
			showEnvVarsInLog = 0;
		};
		A3A068A1F85BECB7B75D5186 /* [CP] Embed Pods Frameworks */ = {
			isa = PBXShellScriptBuildPhase;
			buildActionMask = 2147483647;
			files = (
			);
			inputPaths = (
			);
			name = "[CP] Embed Pods Frameworks";
			outputPaths = (
			);
			runOnlyForDeploymentPostprocessing = 0;
			shellPath = /bin/sh;
			shellScript = "\"${SRCROOT}/Pods/Target Support Files/Pods-SMG_NothingIsAll/Pods-SMG_NothingIsAll-frameworks.sh\"\n";
			showEnvVarsInLog = 0;
		};
/* End PBXShellScriptBuildPhase section */

/* Begin PBXSourcesBuildPhase section */
		08AF45411E97D0B500377887 /* Sources */ = {
			isa = PBXSourcesBuildPhase;
			buildActionMask = 2147483647;
			files = (
				08D7DA4F1ED14BC7004B1018 /* AIChar.m in Sources */,
				08FBB9111EE77FF9000F9E80 /* MindStrategy.m in Sources */,
				08F140DD1ED7C49C00E3B4D0 /* AIDo.m in Sources */,
				08FBB90A1EE76E78000F9E80 /* Mine.m in Sources */,
				08F140E01ED7C4C400E3B4D0 /* AIObj.m in Sources */,
				0895DAEB1EB2D7EB00E2B5C7 /* DataCell.m in Sources */,
				08FDCE8E1EAA4A8E00882ADC /* SMGRange.m in Sources */,
				082F9D601EB236E80009F6A9 /* SMGOutputDelegate.m in Sources */,
				087753251ECFE1C400E7AD09 /* UnderstandUtils.m in Sources */,
				08E58DE41ED3CE18008B0D76 /* ObjStore.m in Sources */,
				08E3CCCA1EE60F8D002990FD /* ThinkControl.m in Sources */,
				08E58DEC1ED3CE18008B0D76 /* LogicModel.m in Sources */,
				08AF456E1E97DDF600377887 /* MKStore.m in Sources */,
				08FBB9091EE76E78000F9E80 /* HobbyModel.m in Sources */,
				08F3AFBB1E98966E00747EDD /* Store.m in Sources */,
				08F140CB1ED7B4BD00E3B4D0 /* AIPointer.m in Sources */,
				08E99C481EBDD1C800A38FF5 /* MindControl.m in Sources */,
				0813D64C1EDF7B150089FA0C /* InputAudioModel.m in Sources */,
				08F140D51ED7C35C00E3B4D0 /* AILaw.m in Sources */,
				089D359E1EE2BA9200AA6622 /* DemandFactory.m in Sources */,
				08C84A8E1E9A866200897D8B /* Input.m in Sources */,
				082F9D561EB234750009F6A9 /* Output.m in Sources */,
				08FBB90B1EE76E78000F9E80 /* Mood.m in Sources */,
				08FBB90E1EE76E9D000F9E80 /* Hunger.m in Sources */,
				089D359F1EE2BA9200AA6622 /* DemandModel.m in Sources */,
				0813D64E1EDF7B150089FA0C /* InputModelBase.m in Sources */,
				08F639831E9A2EC0003CD163 /* FeelValueModel.m in Sources */,
				08E58DDF1ED3CE18008B0D76 /* CharStore.m in Sources */,
				08D7DA4C1ED149F8004B1018 /* AIString.m in Sources */,
				08E58DE21ED3CE18008B0D76 /* DoStore.m in Sources */,
				0813D63E1EDF729F0089FA0C /* FeelTextUtils.m in Sources */,
				08E58DE81ED3CE18008B0D76 /* MemModel.m in Sources */,
				08FBB9081EE76E78000F9E80 /* Hobby.m in Sources */,
				08F3AFB81E98963600747EDD /* SMG.m in Sources */,
				081DA13B1ED47CE000C8C531 /* AIArray.m in Sources */,
				08E58DED1ED3CE18008B0D76 /* LogicStore.m in Sources */,
				08F140DA1ED7C3BB00E3B4D0 /* AIValue.m in Sources */,
				08F4C98E1EA7A03900F3EDA8 /* SMGUtils.m in Sources */,
				0813D64D1EDF7B150089FA0C /* InputDoModel.m in Sources */,
				08F782401ED91290004884BE /* Decision.m in Sources */,
				0813D6501EDF7B150089FA0C /* InputTextModel.m in Sources */,
				08AF454D1E97D0B500377887 /* AppDelegate.m in Sources */,
				08F639891E9A2FF4003CD163 /* Feel.m in Sources */,
				08D322A91EBA28B0009D734A /* Foundation+Log.m in Sources */,
				08F140E31ED7C50500E3B4D0 /* AIMemory.m in Sources */,
				08E58DE31ED3CE18008B0D76 /* ObjModel.m in Sources */,
				08D7DA491ED149E8004B1018 /* AIObject.m in Sources */,
				08E58DDE1ED3CE18008B0D76 /* CharModel.m in Sources */,
				08E58DE71ED3CE18008B0D76 /* TextStoreUtils.m in Sources */,
				08DACE951EBD805C00FDC0B6 /* NSString+Extension.m in Sources */,
				08E58DE11ED3CE18008B0D76 /* DoModel.m in Sources */,
				08AF454A1E97D0B500377887 /* main.m in Sources */,
				082F9D5C1EB236AC0009F6A9 /* StudyViewController.m in Sources */,
				08F3AFB21E98929C00747EDD /* MindUtils.m in Sources */,
				08E58DEB1ED3CE18008B0D76 /* LawStore.m in Sources */,
				0831CF5E1EBEF20500C020E6 /* DBUtils.m in Sources */,
				0895DAE61EB2D52D00E2B5C7 /* DataViewController.m in Sources */,
				087753241ECFE1C400E7AD09 /* Understand.m in Sources */,
				08E58DEA1ED3CE18008B0D76 /* LawModel.m in Sources */,
				08E58DE51ED3CE18008B0D76 /* TextModel.m in Sources */,
				08F140D61ED7C35C00E3B4D0 /* AILogic.m in Sources */,
				08E58DE01ED3CE18008B0D76 /* ClassStore.m in Sources */,
				08E58DE91ED3CE18008B0D76 /* MemStore.m in Sources */,
				08E58DE61ED3CE18008B0D76 /* TextStore.m in Sources */,
				0813D64F1EDF7B150089FA0C /* InputObjModel.m in Sources */,
			);
			runOnlyForDeploymentPostprocessing = 0;
		};
/* End PBXSourcesBuildPhase section */

/* Begin PBXVariantGroup section */
		08AF45561E97D0B500377887 /* LaunchScreen.storyboard */ = {
			isa = PBXVariantGroup;
			children = (
				08AF45571E97D0B500377887 /* Base */,
			);
			name = LaunchScreen.storyboard;
			sourceTree = "<group>";
		};
/* End PBXVariantGroup section */

/* Begin XCBuildConfiguration section */
		08AF455A1E97D0B500377887 /* Debug */ = {
			isa = XCBuildConfiguration;
			buildSettings = {
				ALWAYS_SEARCH_USER_PATHS = NO;
				CLANG_ANALYZER_NONNULL = YES;
				CLANG_ANALYZER_NUMBER_OBJECT_CONVERSION = YES_AGGRESSIVE;
				CLANG_CXX_LANGUAGE_STANDARD = "gnu++0x";
				CLANG_CXX_LIBRARY = "libc++";
				CLANG_ENABLE_MODULES = YES;
				CLANG_ENABLE_OBJC_ARC = YES;
				CLANG_WARN_BOOL_CONVERSION = YES;
				CLANG_WARN_CONSTANT_CONVERSION = YES;
				CLANG_WARN_DIRECT_OBJC_ISA_USAGE = YES_ERROR;
				CLANG_WARN_DOCUMENTATION_COMMENTS = YES;
				CLANG_WARN_EMPTY_BODY = YES;
				CLANG_WARN_ENUM_CONVERSION = YES;
				CLANG_WARN_INFINITE_RECURSION = YES;
				CLANG_WARN_INT_CONVERSION = YES;
				CLANG_WARN_OBJC_ROOT_CLASS = YES_ERROR;
				CLANG_WARN_SUSPICIOUS_MOVE = YES;
				CLANG_WARN_UNREACHABLE_CODE = YES;
				CLANG_WARN__DUPLICATE_METHOD_MATCH = YES;
				"CODE_SIGN_IDENTITY[sdk=iphoneos*]" = "iPhone Developer";
				COPY_PHASE_STRIP = NO;
				DEBUG_INFORMATION_FORMAT = dwarf;
				ENABLE_STRICT_OBJC_MSGSEND = YES;
				ENABLE_TESTABILITY = YES;
				GCC_C_LANGUAGE_STANDARD = gnu99;
				GCC_DYNAMIC_NO_PIC = NO;
				GCC_NO_COMMON_BLOCKS = YES;
				GCC_OPTIMIZATION_LEVEL = 0;
				GCC_PREPROCESSOR_DEFINITIONS = (
					"DEBUG=1",
					"$(inherited)",
				);
				GCC_WARN_64_TO_32_BIT_CONVERSION = YES;
				GCC_WARN_ABOUT_RETURN_TYPE = YES_ERROR;
				GCC_WARN_UNDECLARED_SELECTOR = YES;
				GCC_WARN_UNINITIALIZED_AUTOS = YES_AGGRESSIVE;
				GCC_WARN_UNUSED_FUNCTION = YES;
				GCC_WARN_UNUSED_VARIABLE = YES;
				IPHONEOS_DEPLOYMENT_TARGET = 10.3;
				MTL_ENABLE_DEBUG_INFO = YES;
				ONLY_ACTIVE_ARCH = YES;
				SDKROOT = iphoneos;
				TARGETED_DEVICE_FAMILY = "1,2";
			};
			name = Debug;
		};
		08AF455B1E97D0B500377887 /* Release */ = {
			isa = XCBuildConfiguration;
			buildSettings = {
				ALWAYS_SEARCH_USER_PATHS = NO;
				CLANG_ANALYZER_NONNULL = YES;
				CLANG_ANALYZER_NUMBER_OBJECT_CONVERSION = YES_AGGRESSIVE;
				CLANG_CXX_LANGUAGE_STANDARD = "gnu++0x";
				CLANG_CXX_LIBRARY = "libc++";
				CLANG_ENABLE_MODULES = YES;
				CLANG_ENABLE_OBJC_ARC = YES;
				CLANG_WARN_BOOL_CONVERSION = YES;
				CLANG_WARN_CONSTANT_CONVERSION = YES;
				CLANG_WARN_DIRECT_OBJC_ISA_USAGE = YES_ERROR;
				CLANG_WARN_DOCUMENTATION_COMMENTS = YES;
				CLANG_WARN_EMPTY_BODY = YES;
				CLANG_WARN_ENUM_CONVERSION = YES;
				CLANG_WARN_INFINITE_RECURSION = YES;
				CLANG_WARN_INT_CONVERSION = YES;
				CLANG_WARN_OBJC_ROOT_CLASS = YES_ERROR;
				CLANG_WARN_SUSPICIOUS_MOVE = YES;
				CLANG_WARN_UNREACHABLE_CODE = YES;
				CLANG_WARN__DUPLICATE_METHOD_MATCH = YES;
				"CODE_SIGN_IDENTITY[sdk=iphoneos*]" = "iPhone Developer";
				COPY_PHASE_STRIP = NO;
				DEBUG_INFORMATION_FORMAT = "dwarf-with-dsym";
				ENABLE_NS_ASSERTIONS = NO;
				ENABLE_STRICT_OBJC_MSGSEND = YES;
				GCC_C_LANGUAGE_STANDARD = gnu99;
				GCC_NO_COMMON_BLOCKS = YES;
				GCC_WARN_64_TO_32_BIT_CONVERSION = YES;
				GCC_WARN_ABOUT_RETURN_TYPE = YES_ERROR;
				GCC_WARN_UNDECLARED_SELECTOR = YES;
				GCC_WARN_UNINITIALIZED_AUTOS = YES_AGGRESSIVE;
				GCC_WARN_UNUSED_FUNCTION = YES;
				GCC_WARN_UNUSED_VARIABLE = YES;
				IPHONEOS_DEPLOYMENT_TARGET = 10.3;
				MTL_ENABLE_DEBUG_INFO = NO;
				SDKROOT = iphoneos;
				TARGETED_DEVICE_FAMILY = "1,2";
				VALIDATE_PRODUCT = YES;
			};
			name = Release;
		};
		08AF455D1E97D0B500377887 /* Debug */ = {
			isa = XCBuildConfiguration;
			baseConfigurationReference = E74E5256A45FDF9C80A280FD /* Pods-SMG_NothingIsAll.debug.xcconfig */;
			buildSettings = {
				ASSETCATALOG_COMPILER_APPICON_NAME = AppIcon;
				DEVELOPMENT_TEAM = JFKVVV67KW;
				GCC_PREFIX_HEADER = SMG_NothingIsAll/Demo/SMGPrefixHeader.pch;
				INFOPLIST_FILE = SMG_NothingIsAll/Info.plist;
				LD_RUNPATH_SEARCH_PATHS = "$(inherited) @executable_path/Frameworks";
				PRODUCT_BUNDLE_IDENTIFIER = "com.jxg.test.SMG-NothingIsAll";
				PRODUCT_NAME = "$(TARGET_NAME)";
			};
			name = Debug;
		};
		08AF455E1E97D0B500377887 /* Release */ = {
			isa = XCBuildConfiguration;
			baseConfigurationReference = DE79539824FEDBA53557ECCA /* Pods-SMG_NothingIsAll.release.xcconfig */;
			buildSettings = {
				ASSETCATALOG_COMPILER_APPICON_NAME = AppIcon;
				DEVELOPMENT_TEAM = JFKVVV67KW;
				GCC_PREFIX_HEADER = SMG_NothingIsAll/Demo/SMGPrefixHeader.pch;
				INFOPLIST_FILE = SMG_NothingIsAll/Info.plist;
				LD_RUNPATH_SEARCH_PATHS = "$(inherited) @executable_path/Frameworks";
				PRODUCT_BUNDLE_IDENTIFIER = "com.jxg.test.SMG-NothingIsAll";
				PRODUCT_NAME = "$(TARGET_NAME)";
			};
			name = Release;
		};
/* End XCBuildConfiguration section */

/* Begin XCConfigurationList section */
		08AF45401E97D0B500377887 /* Build configuration list for PBXProject "SMG_NothingIsAll" */ = {
			isa = XCConfigurationList;
			buildConfigurations = (
				08AF455A1E97D0B500377887 /* Debug */,
				08AF455B1E97D0B500377887 /* Release */,
			);
			defaultConfigurationIsVisible = 0;
			defaultConfigurationName = Release;
		};
		08AF455C1E97D0B500377887 /* Build configuration list for PBXNativeTarget "SMG_NothingIsAll" */ = {
			isa = XCConfigurationList;
			buildConfigurations = (
				08AF455D1E97D0B500377887 /* Debug */,
				08AF455E1E97D0B500377887 /* Release */,
			);
			defaultConfigurationIsVisible = 0;
			defaultConfigurationName = Release;
		};
/* End XCConfigurationList section */
	};
	rootObject = 08AF453D1E97D0B500377887 /* Project object */;
}
